[[package]]
name = "arrow"
version = "1.2.3"
description = "Better dates & times for Python"
category = "dev"
optional = false
python-versions = ">=3.6"

[package.dependencies]
python-dateutil = ">=2.7.0"
typing-extensions = {version = "*", markers = "python_version < \"3.8\""}

[[package]]
name = "asn1crypto"
version = "1.5.1"
description = "Fast ASN.1 parser and serializer with definitions for private keys, public keys, certificates, CRL, OCSP, CMS, PKCS#3, PKCS#7, PKCS#8, PKCS#12, PKCS#5, X.509 and TSP"
category = "dev"
optional = false
python-versions = "*"

[[package]]
name = "backports.zoneinfo"
version = "0.2.1"
description = "Backport of the standard library zoneinfo module"
category = "dev"
optional = false
python-versions = ">=3.6"

[package.extras]
tzdata = ["tzdata"]

[[package]]
name = "certifi"
version = "2022.6.15"
description = "Python package for providing Mozilla's CA Bundle."
category = "dev"
optional = false
python-versions = ">=3.6"

[[package]]
name = "cffi"
version = "1.15.1"
description = "Foreign Function Interface for Python calling C code."
category = "dev"
optional = false
python-versions = "*"

[package.dependencies]
pycparser = "*"

[[package]]
name = "charset-normalizer"
version = "2.1.1"
description = "The Real First Universal Charset Detector. Open, modern and actively maintained alternative to Chardet."
category = "dev"
optional = false
python-versions = ">=3.6.0"

[package.extras]
unicode_backport = ["unicodedata2"]

[[package]]
name = "click"
version = "8.1.3"
description = "Composable command line interface toolkit"
category = "main"
optional = false
python-versions = ">=3.7"

[package.dependencies]
colorama = {version = "*", markers = "platform_system == \"Windows\""}
importlib-metadata = {version = "*", markers = "python_version < \"3.8\""}

[[package]]
name = "clickhouse-driver"
version = "0.2.4"
description = "Python driver with native interface for ClickHouse"
category = "dev"
optional = false
python-versions = ">=3.4, <4"

[package.dependencies]
pytz = "*"
tzlocal = "*"

[package.extras]
zstd = ["clickhouse-cityhash (>=1.0.2.1)", "zstd"]
numpy = ["pandas (>=0.24.0)", "numpy (>=1.12.0)"]
lz4 = ["lz4 (<=3.0.1)", "lz4", "clickhouse-cityhash (>=1.0.2.1)"]

[[package]]
name = "colorama"
version = "0.4.5"
description = "Cross-platform colored terminal text."
category = "main"
optional = false
python-versions = ">=2.7, !=3.0.*, !=3.1.*, !=3.2.*, !=3.3.*, !=3.4.*"

[[package]]
name = "commonmark"
version = "0.9.1"
description = "Python parser for the CommonMark Markdown spec"
category = "main"
optional = false
python-versions = "*"

[package.extras]
test = ["flake8 (==3.7.8)", "hypothesis (==3.55.3)"]

[[package]]
name = "coverage"
version = "6.4.4"
description = "Code coverage measurement for Python"
category = "dev"
optional = false
python-versions = ">=3.7"

[package.extras]
toml = ["tomli"]

[[package]]
name = "cryptography"
version = "36.0.2"
description = "cryptography is a package which provides cryptographic recipes and primitives to Python developers."
category = "dev"
optional = false
python-versions = ">=3.6"

[package.dependencies]
cffi = ">=1.12"

[package.extras]
docs = ["sphinx (>=1.6.5,!=1.8.0,!=3.1.0,!=3.1.1)", "sphinx-rtd-theme"]
docstest = ["pyenchant (>=1.6.11)", "twine (>=1.12.0)", "sphinxcontrib-spelling (>=4.0.1)"]
pep8test = ["black", "flake8", "flake8-import-order", "pep8-naming"]
sdist = ["setuptools_rust (>=0.11.4)"]
ssh = ["bcrypt (>=3.1.5)"]
test = ["pytest (>=6.2.0)", "pytest-cov", "pytest-subtests", "pytest-xdist", "pretend", "iso8601", "pytz", "hypothesis (>=1.11.4,!=3.79.2)"]

[[package]]
name = "dsnparse"
version = "0.1.15"
description = "parse dsn urls"
category = "main"
optional = false
python-versions = "*"

[[package]]
name = "filelock"
version = "3.8.0"
description = "A platform independent file lock."
category = "dev"
optional = false
python-versions = ">=3.7"

[package.extras]
docs = ["furo (>=2022.6.21)", "sphinx (>=5.1.1)", "sphinx-autodoc-typehints (>=1.19.1)"]
testing = ["covdefaults (>=2.2)", "coverage (>=6.4.2)", "pytest (>=7.1.2)", "pytest-cov (>=3)", "pytest-timeout (>=2.1)"]

[[package]]
name = "idna"
version = "3.3"
description = "Internationalized Domain Names in Applications (IDNA)"
category = "dev"
optional = false
python-versions = ">=3.5"

[[package]]
name = "importlib-metadata"
version = "4.12.0"
description = "Read metadata from Python packages"
category = "main"
optional = false
python-versions = ">=3.7"

[package.dependencies]
typing-extensions = {version = ">=3.6.4", markers = "python_version < \"3.8\""}
zipp = ">=0.5"

[package.extras]
docs = ["sphinx", "jaraco.packaging (>=9)", "rst.linker (>=1.9)"]
perf = ["ipython"]
testing = ["pytest (>=6)", "pytest-checkdocs (>=2.4)", "pytest-flake8", "pytest-cov", "pytest-enabler (>=1.3)", "packaging", "pyfakefs", "flufl.flake8", "pytest-perf (>=0.9.2)", "pytest-black (>=0.3.7)", "pytest-mypy (>=0.9.1)", "importlib-resources (>=1.3)"]

[[package]]
name = "lark-parser"
version = "0.11.3"
description = "a modern parsing library"
category = "dev"
optional = false
python-versions = "*"

[package.extras]
atomic_cache = ["atomicwrites"]
nearley = ["js2py"]
regex = ["regex"]

[[package]]
name = "mysql-connector-python"
version = "8.0.30"
description = "MySQL driver written in Python"
category = "dev"
optional = false
python-versions = "*"

[package.dependencies]
protobuf = ">=3.11.0,<=3.20.1"

[package.extras]
compression = ["lz4 (>=2.1.6,<=3.1.3)", "zstandard (>=0.12.0,<=0.15.2)"]
dns-srv = ["dnspython (>=1.16.0,<=2.1.0)"]
gssapi = ["gssapi (>=1.6.9,<=1.7.3)"]

[[package]]
name = "oscrypto"
version = "1.3.0"
description = "TLS (SSL) sockets, key generation, encryption, decryption, signing, verification and KDFs using the OS crypto libraries. Does not require a compiler, and relies on the OS for patching. Works on Windows, OS X and Linux/BSD."
category = "dev"
optional = false
python-versions = "*"

[package.dependencies]
asn1crypto = ">=1.5.1"

[[package]]
name = "parameterized"
version = "0.8.1"
description = "Parameterized testing with any Python test framework"
category = "dev"
optional = false
python-versions = "*"

[package.extras]
dev = ["jinja2"]

[[package]]
name = "preql"
version = "0.2.19"
description = "An interpreted relational query language that compiles to SQL"
category = "dev"
optional = false
python-versions = ">=3.6,<4.0"

[package.dependencies]
arrow = "*"
dsnparse = "*"
lark-parser = ">=0.11.3,<0.12.0"
prompt-toolkit = "*"
pygments = "*"
rich = "*"
runtype = ">=0.2.4,<0.3.0"

[package.extras]
pgsql = ["psycopg2"]
mysql = ["mysqlclient"]
server = ["starlette"]

[[package]]
name = "presto-python-client"
version = "0.8.2"
description = "Client for the Presto distributed SQL Engine"
category = "dev"
optional = false
python-versions = "*"

[package.dependencies]
click = "*"
requests = "*"
six = "*"

[package.extras]
all = ["requests-kerberos", "google-auth"]
google_auth = ["google-auth"]
kerberos = ["requests-kerberos"]
tests = ["requests-kerberos", "google-auth", "httpretty", "pytest", "pytest-runner"]

[[package]]
name = "prompt-toolkit"
version = "3.0.31"
description = "Library for building powerful interactive command lines in Python"
category = "dev"
optional = false
python-versions = ">=3.6.2"

[package.dependencies]
wcwidth = "*"

[[package]]
name = "protobuf"
version = "3.20.1"
description = "Protocol Buffers"
category = "dev"
optional = false
python-versions = ">=3.7"

[[package]]
name = "psycopg2"
version = "2.9.3"
description = "psycopg2 - Python-PostgreSQL Database Adapter"
category = "dev"
optional = false
python-versions = ">=3.6"

[[package]]
name = "pycparser"
version = "2.21"
description = "C parser in Python"
category = "dev"
optional = false
python-versions = ">=2.7, !=3.0.*, !=3.1.*, !=3.2.*, !=3.3.*"

[[package]]
name = "pycryptodomex"
version = "3.15.0"
description = "Cryptographic library for Python"
category = "dev"
optional = false
python-versions = ">=2.7, !=3.0.*, !=3.1.*, !=3.2.*, !=3.3.*, !=3.4.*"

[[package]]
name = "pygments"
version = "2.13.0"
description = "Pygments is a syntax highlighting package written in Python."
category = "main"
optional = false
python-versions = ">=3.6"

[package.extras]
plugins = ["importlib-metadata"]

[[package]]
name = "pyjwt"
version = "2.4.0"
description = "JSON Web Token implementation in Python"
category = "dev"
optional = false
python-versions = ">=3.6"

[package.extras]
crypto = ["cryptography (>=3.3.1)"]
dev = ["sphinx", "sphinx-rtd-theme", "zope.interface", "cryptography (>=3.3.1)", "pytest (>=6.0.0,<7.0.0)", "coverage[toml] (==5.0.4)", "mypy", "pre-commit"]
docs = ["sphinx", "sphinx-rtd-theme", "zope.interface"]
tests = ["pytest (>=6.0.0,<7.0.0)", "coverage[toml] (==5.0.4)"]

[[package]]
name = "pyopenssl"
version = "22.0.0"
description = "Python wrapper module around the OpenSSL library"
category = "dev"
optional = false
python-versions = ">=3.6"

[package.dependencies]
cryptography = ">=35.0"

[package.extras]
docs = ["sphinx", "sphinx-rtd-theme"]
test = ["flaky", "pretend", "pytest (>=3.0.1)"]

[[package]]
name = "python-dateutil"
version = "2.8.2"
description = "Extensions to the standard Python datetime module"
category = "dev"
optional = false
python-versions = "!=3.0.*,!=3.1.*,!=3.2.*,>=2.7"

[package.dependencies]
six = ">=1.5"

[[package]]
name = "pytz"
version = "2022.2.1"
description = "World timezone definitions, modern and historical"
category = "dev"
optional = false
python-versions = "*"

[[package]]
name = "pytz-deprecation-shim"
version = "0.1.0.post0"
description = "Shims to make deprecation of pytz easier"
category = "dev"
optional = false
python-versions = "!=3.0.*,!=3.1.*,!=3.2.*,!=3.3.*,!=3.4.*,!=3.5.*,>=2.7"

[package.dependencies]
"backports.zoneinfo" = {version = "*", markers = "python_version >= \"3.6\" and python_version < \"3.9\""}
tzdata = {version = "*", markers = "python_version >= \"3.6\""}

[[package]]
name = "requests"
version = "2.28.1"
description = "Python HTTP for Humans."
category = "dev"
optional = false
python-versions = ">=3.7, <4"

[package.dependencies]
certifi = ">=2017.4.17"
charset-normalizer = ">=2,<3"
idna = ">=2.5,<4"
urllib3 = ">=1.21.1,<1.27"

[package.extras]
socks = ["PySocks (>=1.5.6,!=1.5.7)"]
use_chardet_on_py3 = ["chardet (>=3.0.2,<6)"]

[[package]]
name = "rich"
version = "12.5.1"
description = "Render rich text, tables, progress bars, syntax highlighting, markdown and more to the terminal"
category = "main"
optional = false
python-versions = ">=3.6.3,<4.0.0"

[package.dependencies]
commonmark = ">=0.9.0,<0.10.0"
pygments = ">=2.6.0,<3.0.0"
typing-extensions = {version = ">=4.0.0,<5.0", markers = "python_version < \"3.9\""}

[package.extras]
jupyter = ["ipywidgets (>=7.5.1,<8.0.0)"]

[[package]]
name = "runtype"
version = "0.2.7"
description = "Type dispatch and validation for run-time Python"
category = "main"
optional = false
python-versions = ">=3.6,<4.0"

[[package]]
name = "six"
version = "1.16.0"
description = "Python 2 and 3 compatibility utilities"
category = "dev"
optional = false
python-versions = ">=2.7, !=3.0.*, !=3.1.*, !=3.2.*"

[[package]]
name = "snowflake-connector-python"
version = "2.7.12"
description = "Snowflake Connector for Python"
category = "dev"
optional = false
python-versions = ">=3.7"

[package.dependencies]
asn1crypto = ">0.24.0,<2.0.0"
certifi = ">=2017.4.17"
cffi = ">=1.9,<2.0.0"
charset-normalizer = ">=2,<3"
cryptography = ">=3.1.0,<37.0.0"
filelock = ">=3.5,<4"
idna = ">=2.5,<4"
oscrypto = "<2.0.0"
pycryptodomex = ">=3.2,<3.5.0 || >3.5.0,<4.0.0"
pyjwt = "<3.0.0"
pyOpenSSL = ">=16.2.0,<23.0.0"
pytz = "*"
requests = "<3.0.0"
typing-extensions = ">=4.3,<5"
urllib3 = ">=1.21.1,<1.27"

[package.extras]
development = ["cython", "coverage", "more-itertools", "numpy (<1.24.0)", "pendulum (!=2.1.1)", "pexpect", "pytest (<7.2.0)", "pytest-cov", "pytest-rerunfailures", "pytest-timeout", "pytest-xdist", "pytzdata"]
pandas = ["pandas (>=1.0.0,<1.5.0)", "pyarrow (>=8.0.0,<8.1.0)"]
secure-local-storage = ["keyring (!=16.1.0,<24.0.0)"]

[[package]]
name = "toml"
version = "0.10.2"
description = "Python Library for Tom's Obvious, Minimal Language"
category = "main"
optional = false
python-versions = ">=2.6, !=3.0.*, !=3.1.*, !=3.2.*"

[[package]]
name = "trino"
version = "0.314.0"
description = "Client for the Trino distributed SQL Engine"
category = "dev"
optional = false
python-versions = ">=3.7"

[package.dependencies]
pytz = "*"
requests = "*"

[package.extras]
all = ["requests-kerberos", "sqlalchemy (>=1.3,<2.0)"]
external-authentication-token-cache = ["keyring"]
kerberos = ["requests-kerberos"]
sqlalchemy = ["sqlalchemy (>=1.3,<2.0)"]
tests = ["requests-kerberos", "sqlalchemy (>=1.3,<2.0)", "httpretty (<1.1)", "pytest", "pytest-runner", "click"]

[[package]]
name = "typing-extensions"
version = "4.3.0"
description = "Backported and Experimental Type Hints for Python 3.7+"
category = "main"
optional = false
python-versions = ">=3.7"

[[package]]
name = "tzdata"
version = "2022.2"
description = "Provider of IANA time zone data"
category = "dev"
optional = false
python-versions = ">=2"

[[package]]
name = "tzlocal"
version = "4.2"
description = "tzinfo object for the local timezone"
category = "dev"
optional = false
python-versions = ">=3.6"

[package.dependencies]
"backports.zoneinfo" = {version = "*", markers = "python_version < \"3.9\""}
pytz-deprecation-shim = "*"
tzdata = {version = "*", markers = "platform_system == \"Windows\""}

[package.extras]
devenv = ["black", "pyroma", "pytest-cov", "zest.releaser"]
test = ["pytest-mock (>=3.3)", "pytest (>=4.3)"]

[[package]]
name = "unittest-parallel"
version = "1.5.2"
description = "Parallel unit test runner with coverage support"
category = "dev"
optional = false
python-versions = "*"

[package.dependencies]
coverage = ">=5.1"

[[package]]
name = "urllib3"
version = "1.26.12"
description = "HTTP library with thread-safe connection pooling, file post, and more."
category = "dev"
optional = false
python-versions = ">=2.7, !=3.0.*, !=3.1.*, !=3.2.*, !=3.3.*, !=3.4.*, !=3.5.*, <4"

[package.extras]
brotli = ["brotlicffi (>=0.8.0)", "brotli (>=1.0.9)", "brotlipy (>=0.6.0)"]
secure = ["pyOpenSSL (>=0.14)", "cryptography (>=1.3.4)", "idna (>=2.0.0)", "certifi", "urllib3-secure-extra", "ipaddress"]
socks = ["PySocks (>=1.5.6,!=1.5.7,<2.0)"]

[[package]]
name = "wcwidth"
version = "0.2.5"
description = "Measures the displayed width of unicode strings in a terminal"
category = "dev"
optional = false
python-versions = "*"

[[package]]
name = "zipp"
version = "3.8.1"
description = "Backport of pathlib-compatible object wrapper for zip files"
category = "main"
optional = false
python-versions = ">=3.7"

[package.extras]
docs = ["sphinx", "jaraco.packaging (>=9)", "rst.linker (>=1.9)", "jaraco.tidelift (>=1.4)"]
testing = ["pytest (>=6)", "pytest-checkdocs (>=2.4)", "pytest-flake8", "pytest-cov", "pytest-enabler (>=1.3)", "jaraco.itertools", "func-timeout", "pytest-black (>=0.3.7)", "pytest-mypy (>=0.9.1)"]

[extras]
clickhouse = []
databricks = []
mysql = []
oracle = []
postgresql = []
preql = []
presto = []
snowflake = []
trino = []

[metadata]
lock-version = "1.1"
python-versions = "^3.7"
content-hash = "b2ec049c21cde2b9fae855a212e43c709fe5d39d08b799c83d467f46527c8882"

[metadata.files]
arrow = []
asn1crypto = [
    {file = "asn1crypto-1.5.1-py2.py3-none-any.whl", hash = "sha256:db4e40728b728508912cbb3d44f19ce188f218e9eba635821bb4b68564f8fd67"},
    {file = "asn1crypto-1.5.1.tar.gz", hash = "sha256:13ae38502be632115abf8a24cbe5f4da52e3b5231990aff31123c805306ccb9c"},
]
"backports.zoneinfo" = []
certifi = [
    {file = "certifi-2022.6.15-py3-none-any.whl", hash = "sha256:fe86415d55e84719d75f8b69414f6438ac3547d2078ab91b67e779ef69378412"},
    {file = "certifi-2022.6.15.tar.gz", hash = "sha256:84c85a9078b11105f04f3036a9482ae10e4621616db313fe045dd24743a0820d"},
]
cffi = []
charset-normalizer = []
click = [
    {file = "click-8.1.3-py3-none-any.whl", hash = "sha256:bb4d8133cb15a609f44e8213d9b391b0809795062913b383c62be0ee95b1db48"},
    {file = "click-8.1.3.tar.gz", hash = "sha256:7682dc8afb30297001674575ea00d1814d808d6a36af415a82bd481d37ba7b8e"},
]
clickhouse-driver = []
colorama = [
    {file = "colorama-0.4.5-py2.py3-none-any.whl", hash = "sha256:854bf444933e37f5824ae7bfc1e98d5bce2ebe4160d46b5edf346a89358e99da"},
    {file = "colorama-0.4.5.tar.gz", hash = "sha256:e6c6b4334fc50988a639d9b98aa429a0b57da6e17b9a44f0451f930b6967b7a4"},
]
commonmark = [
    {file = "commonmark-0.9.1-py2.py3-none-any.whl", hash = "sha256:da2f38c92590f83de410ba1a3cbceafbc74fee9def35f9251ba9a971d6d66fd9"},
    {file = "commonmark-0.9.1.tar.gz", hash = "sha256:452f9dc859be7f06631ddcb328b6919c67984aca654e5fefb3914d54691aed60"},
]
coverage = []
cryptography = [
    {file = "cryptography-36.0.2-cp36-abi3-macosx_10_10_universal2.whl", hash = "sha256:4e2dddd38a5ba733be6a025a1475a9f45e4e41139d1321f412c6b360b19070b6"},
    {file = "cryptography-36.0.2-cp36-abi3-macosx_10_10_x86_64.whl", hash = "sha256:4881d09298cd0b669bb15b9cfe6166f16fc1277b4ed0d04a22f3d6430cb30f1d"},
    {file = "cryptography-36.0.2-cp36-abi3-manylinux_2_12_x86_64.manylinux2010_x86_64.whl", hash = "sha256:ea634401ca02367c1567f012317502ef3437522e2fc44a3ea1844de028fa4b84"},
    {file = "cryptography-36.0.2-cp36-abi3-manylinux_2_17_aarch64.manylinux2014_aarch64.manylinux_2_24_aarch64.whl", hash = "sha256:7be666cc4599b415f320839e36367b273db8501127b38316f3b9f22f17a0b815"},
    {file = "cryptography-36.0.2-cp36-abi3-manylinux_2_17_aarch64.manylinux2014_aarch64.whl", hash = "sha256:8241cac0aae90b82d6b5c443b853723bcc66963970c67e56e71a2609dc4b5eaf"},
    {file = "cryptography-36.0.2-cp36-abi3-manylinux_2_17_x86_64.manylinux2014_x86_64.whl", hash = "sha256:7b2d54e787a884ffc6e187262823b6feb06c338084bbe80d45166a1cb1c6c5bf"},
    {file = "cryptography-36.0.2-cp36-abi3-manylinux_2_24_x86_64.whl", hash = "sha256:c2c5250ff0d36fd58550252f54915776940e4e866f38f3a7866d92b32a654b86"},
    {file = "cryptography-36.0.2-cp36-abi3-musllinux_1_1_aarch64.whl", hash = "sha256:ec6597aa85ce03f3e507566b8bcdf9da2227ec86c4266bd5e6ab4d9e0cc8dab2"},
    {file = "cryptography-36.0.2-cp36-abi3-musllinux_1_1_x86_64.whl", hash = "sha256:ca9f686517ec2c4a4ce930207f75c00bf03d94e5063cbc00a1dc42531511b7eb"},
    {file = "cryptography-36.0.2-cp36-abi3-win32.whl", hash = "sha256:f64b232348ee82f13aac22856515ce0195837f6968aeaa94a3d0353ea2ec06a6"},
    {file = "cryptography-36.0.2-cp36-abi3-win_amd64.whl", hash = "sha256:53e0285b49fd0ab6e604f4c5d9c5ddd98de77018542e88366923f152dbeb3c29"},
    {file = "cryptography-36.0.2-pp37-pypy37_pp73-manylinux_2_12_x86_64.manylinux2010_x86_64.whl", hash = "sha256:32db5cc49c73f39aac27574522cecd0a4bb7384e71198bc65a0d23f901e89bb7"},
    {file = "cryptography-36.0.2-pp37-pypy37_pp73-manylinux_2_17_x86_64.manylinux2014_x86_64.whl", hash = "sha256:d2b3d199647468d410994dbeb8cec5816fb74feb9368aedf300af709ef507e3e"},
    {file = "cryptography-36.0.2-pp37-pypy37_pp73-manylinux_2_24_x86_64.whl", hash = "sha256:da73d095f8590ad437cd5e9faf6628a218aa7c387e1fdf67b888b47ba56a17f0"},
    {file = "cryptography-36.0.2-pp38-pypy38_pp73-macosx_10_10_x86_64.whl", hash = "sha256:0a3bf09bb0b7a2c93ce7b98cb107e9170a90c51a0162a20af1c61c765b90e60b"},
    {file = "cryptography-36.0.2-pp38-pypy38_pp73-manylinux_2_12_x86_64.manylinux2010_x86_64.whl", hash = "sha256:8897b7b7ec077c819187a123174b645eb680c13df68354ed99f9b40a50898f77"},
    {file = "cryptography-36.0.2-pp38-pypy38_pp73-manylinux_2_17_x86_64.manylinux2014_x86_64.whl", hash = "sha256:82740818f2f240a5da8dfb8943b360e4f24022b093207160c77cadade47d7c85"},
    {file = "cryptography-36.0.2-pp38-pypy38_pp73-manylinux_2_24_x86_64.whl", hash = "sha256:1f64a62b3b75e4005df19d3b5235abd43fa6358d5516cfc43d87aeba8d08dd51"},
    {file = "cryptography-36.0.2-pp38-pypy38_pp73-win_amd64.whl", hash = "sha256:e167b6b710c7f7bc54e67ef593f8731e1f45aa35f8a8a7b72d6e42ec76afd4b3"},
    {file = "cryptography-36.0.2.tar.gz", hash = "sha256:70f8f4f7bb2ac9f340655cbac89d68c527af5bb4387522a8413e841e3e6628c9"},
]
dsnparse = [
    {file = "dsnparse-0.1.15.tar.gz", hash = "sha256:2ac5705b17cb28e8b115053c2d51cf3321dc2041b1d75e2db6157e05146d0fba"},
]
filelock = []
idna = [
    {file = "idna-3.3-py3-none-any.whl", hash = "sha256:84d9dd047ffa80596e0f246e2eab0b391788b0503584e8945f2368256d2735ff"},
    {file = "idna-3.3.tar.gz", hash = "sha256:9d643ff0a55b762d5cdb124b8eaa99c66322e2157b69160bc32796e824360e6d"},
]
importlib-metadata = []
lark-parser = [
    {file = "lark-parser-0.11.3.tar.gz", hash = "sha256:e29ca814a98bb0f81674617d878e5f611cb993c19ea47f22c80da3569425f9bd"},
]
mysql-connector-python = []
oscrypto = [
    {file = "oscrypto-1.3.0-py2.py3-none-any.whl", hash = "sha256:2b2f1d2d42ec152ca90ccb5682f3e051fb55986e1b170ebde472b133713e7085"},
    {file = "oscrypto-1.3.0.tar.gz", hash = "sha256:6f5fef59cb5b3708321db7cca56aed8ad7e662853351e7991fcf60ec606d47a4"},
]
parameterized = [
    {file = "parameterized-0.8.1-py2.py3-none-any.whl", hash = "sha256:9cbb0b69a03e8695d68b3399a8a5825200976536fe1cb79db60ed6a4c8c9efe9"},
    {file = "parameterized-0.8.1.tar.gz", hash = "sha256:41bbff37d6186430f77f900d777e5bb6a24928a1c46fb1de692f8b52b8833b5c"},
]
preql = []
presto-python-client = [
    {file = "presto-python-client-0.8.2.tar.gz", hash = "sha256:15b0c7d23e8838369ad3db493dcd3b5bd6578883a1385b50712720353bba98c1"},
    {file = "presto_python_client-0.8.2-py3-none-any.whl", hash = "sha256:37a675df709fb194a656c9729f539dcf153dc4d3fb000a5a8502b22c683eb1aa"},
]
prompt-toolkit = []
protobuf = [
    {file = "protobuf-3.20.1-cp310-cp310-macosx_10_9_universal2.whl", hash = "sha256:3cc797c9d15d7689ed507b165cd05913acb992d78b379f6014e013f9ecb20996"},
    {file = "protobuf-3.20.1-cp310-cp310-manylinux2014_aarch64.whl", hash = "sha256:ff8d8fa42675249bb456f5db06c00de6c2f4c27a065955917b28c4f15978b9c3"},
    {file = "protobuf-3.20.1-cp310-cp310-manylinux_2_12_x86_64.manylinux2010_x86_64.whl", hash = "sha256:cd68be2559e2a3b84f517fb029ee611546f7812b1fdd0aa2ecc9bc6ec0e4fdde"},
    {file = "protobuf-3.20.1-cp310-cp310-win32.whl", hash = "sha256:9016d01c91e8e625141d24ec1b20fed584703e527d28512aa8c8707f105a683c"},
    {file = "protobuf-3.20.1-cp310-cp310-win_amd64.whl", hash = "sha256:32ca378605b41fd180dfe4e14d3226386d8d1b002ab31c969c366549e66a2bb7"},
    {file = "protobuf-3.20.1-cp36-cp36m-macosx_10_9_x86_64.whl", hash = "sha256:9be73ad47579abc26c12024239d3540e6b765182a91dbc88e23658ab71767153"},
    {file = "protobuf-3.20.1-cp36-cp36m-manylinux_2_5_x86_64.manylinux1_x86_64.whl", hash = "sha256:097c5d8a9808302fb0da7e20edf0b8d4703274d140fd25c5edabddcde43e081f"},
    {file = "protobuf-3.20.1-cp37-cp37m-macosx_10_9_x86_64.whl", hash = "sha256:e250a42f15bf9d5b09fe1b293bdba2801cd520a9f5ea2d7fb7536d4441811d20"},
    {file = "protobuf-3.20.1-cp37-cp37m-manylinux2014_aarch64.whl", hash = "sha256:cdee09140e1cd184ba9324ec1df410e7147242b94b5f8b0c64fc89e38a8ba531"},
    {file = "protobuf-3.20.1-cp37-cp37m-manylinux_2_5_x86_64.manylinux1_x86_64.whl", hash = "sha256:af0ebadc74e281a517141daad9d0f2c5d93ab78e9d455113719a45a49da9db4e"},
    {file = "protobuf-3.20.1-cp37-cp37m-win32.whl", hash = "sha256:755f3aee41354ae395e104d62119cb223339a8f3276a0cd009ffabfcdd46bb0c"},
    {file = "protobuf-3.20.1-cp37-cp37m-win_amd64.whl", hash = "sha256:62f1b5c4cd6c5402b4e2d63804ba49a327e0c386c99b1675c8a0fefda23b2067"},
    {file = "protobuf-3.20.1-cp38-cp38-macosx_10_9_x86_64.whl", hash = "sha256:06059eb6953ff01e56a25cd02cca1a9649a75a7e65397b5b9b4e929ed71d10cf"},
    {file = "protobuf-3.20.1-cp38-cp38-manylinux2014_aarch64.whl", hash = "sha256:cb29edb9eab15742d791e1025dd7b6a8f6fcb53802ad2f6e3adcb102051063ab"},
    {file = "protobuf-3.20.1-cp38-cp38-manylinux_2_5_x86_64.manylinux1_x86_64.whl", hash = "sha256:69ccfdf3657ba59569c64295b7d51325f91af586f8d5793b734260dfe2e94e2c"},
    {file = "protobuf-3.20.1-cp38-cp38-win32.whl", hash = "sha256:dd5789b2948ca702c17027c84c2accb552fc30f4622a98ab5c51fcfe8c50d3e7"},
    {file = "protobuf-3.20.1-cp38-cp38-win_amd64.whl", hash = "sha256:77053d28427a29987ca9caf7b72ccafee011257561259faba8dd308fda9a8739"},
    {file = "protobuf-3.20.1-cp39-cp39-macosx_10_9_x86_64.whl", hash = "sha256:6f50601512a3d23625d8a85b1638d914a0970f17920ff39cec63aaef80a93fb7"},
    {file = "protobuf-3.20.1-cp39-cp39-manylinux2014_aarch64.whl", hash = "sha256:284f86a6207c897542d7e956eb243a36bb8f9564c1742b253462386e96c6b78f"},
    {file = "protobuf-3.20.1-cp39-cp39-manylinux_2_5_x86_64.manylinux1_x86_64.whl", hash = "sha256:7403941f6d0992d40161aa8bb23e12575637008a5a02283a930addc0508982f9"},
    {file = "protobuf-3.20.1-cp39-cp39-win32.whl", hash = "sha256:db977c4ca738dd9ce508557d4fce0f5aebd105e158c725beec86feb1f6bc20d8"},
    {file = "protobuf-3.20.1-cp39-cp39-win_amd64.whl", hash = "sha256:7e371f10abe57cee5021797126c93479f59fccc9693dafd6bd5633ab67808a91"},
    {file = "protobuf-3.20.1-py2.py3-none-any.whl", hash = "sha256:adfc6cf69c7f8c50fd24c793964eef18f0ac321315439d94945820612849c388"},
    {file = "protobuf-3.20.1.tar.gz", hash = "sha256:adc31566d027f45efe3f44eeb5b1f329da43891634d61c75a5944e9be6dd42c9"},
]
psycopg2 = [
    {file = "psycopg2-2.9.3-cp310-cp310-win32.whl", hash = "sha256:083707a696e5e1c330af2508d8fab36f9700b26621ccbcb538abe22e15485362"},
    {file = "psycopg2-2.9.3-cp310-cp310-win_amd64.whl", hash = "sha256:d3ca6421b942f60c008f81a3541e8faf6865a28d5a9b48544b0ee4f40cac7fca"},
    {file = "psycopg2-2.9.3-cp36-cp36m-win32.whl", hash = "sha256:9572e08b50aed176ef6d66f15a21d823bb6f6d23152d35e8451d7d2d18fdac56"},
    {file = "psycopg2-2.9.3-cp36-cp36m-win_amd64.whl", hash = "sha256:a81e3866f99382dfe8c15a151f1ca5fde5815fde879348fe5a9884a7c092a305"},
    {file = "psycopg2-2.9.3-cp37-cp37m-win32.whl", hash = "sha256:cb10d44e6694d763fa1078a26f7f6137d69f555a78ec85dc2ef716c37447e4b2"},
    {file = "psycopg2-2.9.3-cp37-cp37m-win_amd64.whl", hash = "sha256:4295093a6ae3434d33ec6baab4ca5512a5082cc43c0505293087b8a46d108461"},
    {file = "psycopg2-2.9.3-cp38-cp38-win32.whl", hash = "sha256:34b33e0162cfcaad151f249c2649fd1030010c16f4bbc40a604c1cb77173dcf7"},
    {file = "psycopg2-2.9.3-cp38-cp38-win_amd64.whl", hash = "sha256:0762c27d018edbcb2d34d51596e4346c983bd27c330218c56c4dc25ef7e819bf"},
    {file = "psycopg2-2.9.3-cp39-cp39-win32.whl", hash = "sha256:8cf3878353cc04b053822896bc4922b194792df9df2f1ad8da01fb3043602126"},
    {file = "psycopg2-2.9.3-cp39-cp39-win_amd64.whl", hash = "sha256:06f32425949bd5fe8f625c49f17ebb9784e1e4fe928b7cce72edc36fb68e4c0c"},
    {file = "psycopg2-2.9.3.tar.gz", hash = "sha256:8e841d1bf3434da985cc5ef13e6f75c8981ced601fd70cc6bf33351b91562981"},
]
pycparser = [
    {file = "pycparser-2.21-py2.py3-none-any.whl", hash = "sha256:8ee45429555515e1f6b185e78100aea234072576aa43ab53aefcae078162fca9"},
    {file = "pycparser-2.21.tar.gz", hash = "sha256:e644fdec12f7872f86c58ff790da456218b10f863970249516d60a5eaca77206"},
]
pycryptodomex = [
    {file = "pycryptodomex-3.15.0-cp27-cp27m-macosx_10_9_x86_64.whl", hash = "sha256:6f5b6ba8aefd624834bc177a2ac292734996bb030f9d1b388e7504103b6fcddf"},
    {file = "pycryptodomex-3.15.0-cp27-cp27m-manylinux1_i686.whl", hash = "sha256:4540904c09704b6f831059c0dfb38584acb82cb97b0125cd52688c1f1e3fffa6"},
    {file = "pycryptodomex-3.15.0-cp27-cp27m-manylinux1_x86_64.whl", hash = "sha256:0fadb9f7fa3150577800eef35f62a8a24b9ddf1563ff060d9bd3af22d3952c8c"},
    {file = "pycryptodomex-3.15.0-cp27-cp27m-manylinux2010_i686.whl", hash = "sha256:fc9bc7a9b79fe5c750fc81a307052f8daabb709bdaabb0fb18fb136b66b653b5"},
    {file = "pycryptodomex-3.15.0-cp27-cp27m-manylinux2010_x86_64.whl", hash = "sha256:f8be976cec59b11f011f790b88aca67b4ea2bd286578d0bd3e31bcd19afcd3e4"},
    {file = "pycryptodomex-3.15.0-cp27-cp27m-manylinux2014_aarch64.whl", hash = "sha256:78d9621cf0ea35abf2d38fa2ca6d0634eab6c991a78373498ab149953787e5e5"},
    {file = "pycryptodomex-3.15.0-cp27-cp27m-win32.whl", hash = "sha256:b6306403228edde6e289f626a3908a2f7f67c344e712cf7c0a508bab3ad9e381"},
    {file = "pycryptodomex-3.15.0-cp27-cp27m-win_amd64.whl", hash = "sha256:48697790203909fab02a33226fda546604f4e2653f9d47bc5d3eb40879fa7c64"},
    {file = "pycryptodomex-3.15.0-cp27-cp27mu-manylinux1_i686.whl", hash = "sha256:18e2ab4813883ae63396c0ffe50b13554b32bb69ec56f0afaf052e7a7ae0d55b"},
    {file = "pycryptodomex-3.15.0-cp27-cp27mu-manylinux1_x86_64.whl", hash = "sha256:3709f13ca3852b0b07fc04a2c03b379189232b24007c466be0f605dd4723e9d4"},
    {file = "pycryptodomex-3.15.0-cp27-cp27mu-manylinux2010_i686.whl", hash = "sha256:191e73bc84a8064ad1874dba0ebadedd7cce4dedee998549518f2c74a003b2e1"},
    {file = "pycryptodomex-3.15.0-cp27-cp27mu-manylinux2010_x86_64.whl", hash = "sha256:e3164a18348bd53c69b4435ebfb4ac8a4076291ffa2a70b54f0c4b80c7834b1d"},
    {file = "pycryptodomex-3.15.0-cp27-cp27mu-manylinux2014_aarch64.whl", hash = "sha256:5676a132169a1c1a3712edf25250722ebc8c9102aa9abd814df063ca8362454f"},
    {file = "pycryptodomex-3.15.0-cp35-abi3-macosx_10_9_x86_64.whl", hash = "sha256:e2b12968522a0358b8917fc7b28865acac002f02f4c4c6020fcb264d76bfd06d"},
    {file = "pycryptodomex-3.15.0-cp35-abi3-manylinux1_i686.whl", hash = "sha256:e47bf8776a7e15576887f04314f5228c6527b99946e6638cf2f16da56d260cab"},
    {file = "pycryptodomex-3.15.0-cp35-abi3-manylinux1_x86_64.whl", hash = "sha256:996e1ba717077ce1e6d4849af7a1426f38b07b3d173b879e27d5e26d2e958beb"},
    {file = "pycryptodomex-3.15.0-cp35-abi3-manylinux2010_i686.whl", hash = "sha256:65204412d0c6a8e3c41e21e93a5e6054a74fea501afa03046a388cf042e3377a"},
    {file = "pycryptodomex-3.15.0-cp35-abi3-manylinux2010_x86_64.whl", hash = "sha256:dd452a5af7014e866206d41751886c9b4bf379a339fdf2dbfc7dd16c0fb4f8e0"},
    {file = "pycryptodomex-3.15.0-cp35-abi3-manylinux2014_aarch64.whl", hash = "sha256:b9279adc16e4b0f590ceff581f53a80179b02cba9056010d733eb4196134a870"},
    {file = "pycryptodomex-3.15.0-cp35-abi3-win32.whl", hash = "sha256:46b3f05f2f7ac7841053da4e0f69616929ca3c42f238c405f6c3df7759ad2780"},
    {file = "pycryptodomex-3.15.0-cp35-abi3-win_amd64.whl", hash = "sha256:8eecdf9cdc7343001d047f951b9cc805cd68cb6cd77b20ea46af5bffc5bd3dfb"},
    {file = "pycryptodomex-3.15.0-pp27-pypy_73-macosx_10_9_x86_64.whl", hash = "sha256:67e1e6a92151023ccdfcfbc0afb3314ad30080793b4c27956ea06ab1fb9bcd8a"},
    {file = "pycryptodomex-3.15.0-pp27-pypy_73-manylinux1_x86_64.whl", hash = "sha256:c4cb9cb492ea7dcdf222a8d19a1d09002798ea516aeae8877245206d27326d86"},
    {file = "pycryptodomex-3.15.0-pp27-pypy_73-manylinux2010_x86_64.whl", hash = "sha256:94c7b60e1f52e1a87715571327baea0733708ab4723346598beca4a3b6879794"},
    {file = "pycryptodomex-3.15.0-pp27-pypy_73-win32.whl", hash = "sha256:04cc393045a8f19dd110c975e30f38ed7ab3faf21ede415ea67afebd95a22380"},
    {file = "pycryptodomex-3.15.0-pp36-pypy36_pp73-macosx_10_9_x86_64.whl", hash = "sha256:0776bfaf2c48154ab54ea45392847c1283d2fcf64e232e85565f858baedfc1fa"},
    {file = "pycryptodomex-3.15.0-pp36-pypy36_pp73-manylinux1_x86_64.whl", hash = "sha256:463119d7d22d0fc04a0f9122e9d3e6121c6648bcb12a052b51bd1eed1b996aa2"},
    {file = "pycryptodomex-3.15.0-pp36-pypy36_pp73-manylinux2010_x86_64.whl", hash = "sha256:a07a64709e366c2041cd5cfbca592b43998bf4df88f7b0ca73dca37071ccf1bd"},
    {file = "pycryptodomex-3.15.0-pp36-pypy36_pp73-win32.whl", hash = "sha256:35a8f7afe1867118330e2e0e0bf759c409e28557fb1fc2fbb1c6c937297dbe9a"},
    {file = "pycryptodomex-3.15.0.tar.gz", hash = "sha256:7341f1bb2dadb0d1a0047f34c3a58208a92423cdbd3244d998e4b28df5eac0ed"},
]
pygments = []
pyjwt = [
    {file = "PyJWT-2.4.0-py3-none-any.whl", hash = "sha256:72d1d253f32dbd4f5c88eaf1fdc62f3a19f676ccbadb9dbc5d07e951b2b26daf"},
    {file = "PyJWT-2.4.0.tar.gz", hash = "sha256:d42908208c699b3b973cbeb01a969ba6a96c821eefb1c5bfe4c390c01d67abba"},
]
pyopenssl = [
    {file = "pyOpenSSL-22.0.0-py2.py3-none-any.whl", hash = "sha256:ea252b38c87425b64116f808355e8da644ef9b07e429398bfece610f893ee2e0"},
    {file = "pyOpenSSL-22.0.0.tar.gz", hash = "sha256:660b1b1425aac4a1bea1d94168a85d99f0b3144c869dd4390d27629d0087f1bf"},
]
python-dateutil = [
    {file = "python-dateutil-2.8.2.tar.gz", hash = "sha256:0123cacc1627ae19ddf3c27a5de5bd67ee4586fbdd6440d9748f8abb483d3e86"},
    {file = "python_dateutil-2.8.2-py2.py3-none-any.whl", hash = "sha256:961d03dc3453ebbc59dbdea9e4e11c5651520a876d0f4db161e8674aae935da9"},
]
pytz = []
pytz-deprecation-shim = []
requests = []
rich = []
runtype = []
six = [
    {file = "six-1.16.0-py2.py3-none-any.whl", hash = "sha256:8abb2f1d86890a2dfb989f9a77cfcfd3e47c2a354b01111771326f8aa26e0254"},
    {file = "six-1.16.0.tar.gz", hash = "sha256:1e61c37477a1626458e36f7b1d82aa5c9b094fa4802892072e49de9c60c4c926"},
]
snowflake-connector-python = []
toml = []
trino = []
typing-extensions = []
tzdata = []
tzlocal = []
unittest-parallel = []
urllib3 = []
wcwidth = [
    {file = "wcwidth-0.2.5-py2.py3-none-any.whl", hash = "sha256:beb4802a9cebb9144e99086eff703a642a13d6a0052920003a230f3294bbe784"},
    {file = "wcwidth-0.2.5.tar.gz", hash = "sha256:c4d647b99872929fdb7bdcaa4fbe7f01413ed3d98077df798530e5b04f116c83"},
]
zipp = []
