[[package]]
name = "arrow"
version = "1.2.2"
description = "Better dates & times for Python"
category = "main"
optional = false
python-versions = ">=3.6"

[package.dependencies]
python-dateutil = ">=2.7.0"
typing-extensions = {version = "*", markers = "python_version < \"3.8\""}

[[package]]
name = "asn1crypto"
version = "1.5.1"
description = "Fast ASN.1 parser and serializer with definitions for private keys, public keys, certificates, CRL, OCSP, CMS, PKCS#3, PKCS#7, PKCS#8, PKCS#12, PKCS#5, X.509 and TSP"
category = "main"
optional = false
python-versions = "*"

[[package]]
name = "certifi"
version = "2022.6.15"
description = "Python package for providing Mozilla's CA Bundle."
category = "main"
optional = false
python-versions = ">=3.6"

[[package]]
name = "cffi"
version = "1.15.1"
description = "Foreign Function Interface for Python calling C code."
category = "main"
optional = false
python-versions = "*"

[package.dependencies]
pycparser = "*"

[[package]]
name = "charset-normalizer"
version = "2.0.12"
description = "The Real First Universal Charset Detector. Open, modern and actively maintained alternative to Chardet."
category = "main"
optional = false
python-versions = ">=3.5.0"

[package.extras]
unicode_backport = ["unicodedata2"]

[[package]]
name = "click"
version = "8.1.3"
description = "Composable command line interface toolkit"
category = "main"
optional = false
python-versions = ">=3.7"

[package.dependencies]
colorama = {version = "*", markers = "platform_system == \"Windows\""}
importlib-metadata = {version = "*", markers = "python_version < \"3.8\""}

[[package]]
name = "colorama"
version = "0.4.5"
description = "Cross-platform colored terminal text."
category = "main"
optional = false
python-versions = ">=2.7, !=3.0.*, !=3.1.*, !=3.2.*, !=3.3.*, !=3.4.*"

[[package]]
name = "commonmark"
version = "0.9.1"
description = "Python parser for the CommonMark Markdown spec"
category = "main"
optional = false
python-versions = "*"

[package.extras]
test = ["flake8 (==3.7.8)", "hypothesis (==3.55.3)"]

[[package]]
name = "coverage"
version = "6.4.1"
description = "Code coverage measurement for Python"
category = "dev"
optional = false
python-versions = ">=3.7"

[package.extras]
toml = ["tomli"]

[[package]]
name = "cryptography"
version = "36.0.2"
description = "cryptography is a package which provides cryptographic recipes and primitives to Python developers."
category = "main"
optional = false
python-versions = ">=3.6"

[package.dependencies]
cffi = ">=1.12"

[package.extras]
docs = ["sphinx (>=1.6.5,!=1.8.0,!=3.1.0,!=3.1.1)", "sphinx-rtd-theme"]
docstest = ["pyenchant (>=1.6.11)", "twine (>=1.12.0)", "sphinxcontrib-spelling (>=4.0.1)"]
pep8test = ["black", "flake8", "flake8-import-order", "pep8-naming"]
sdist = ["setuptools_rust (>=0.11.4)"]
ssh = ["bcrypt (>=3.1.5)"]
test = ["pytest (>=6.2.0)", "pytest-cov", "pytest-subtests", "pytest-xdist", "pretend", "iso8601", "pytz", "hypothesis (>=1.11.4,!=3.79.2)"]

[[package]]
name = "databricks-sql-connector"
version = "2.0.2"
description = "Databricks SQL Connector for Python"
category = "main"
optional = false
python-versions = ">=3.7"

[package.dependencies]
pandas = ">=1.3.0"
pyarrow = ">=5.0.0"
thrift = ">=0.13.0"

[[package]]
name = "dsnparse"
version = "0.1.15"
description = "parse dsn urls"
category = "main"
optional = false
python-versions = "*"

[[package]]
name = "idna"
version = "3.3"
description = "Internationalized Domain Names in Applications (IDNA)"
category = "main"
optional = false
python-versions = ">=3.5"

[[package]]
name = "importlib-metadata"
version = "4.12.0"
description = "Read metadata from Python packages"
category = "main"
optional = false
python-versions = ">=3.7"

[package.dependencies]
typing-extensions = {version = ">=3.6.4", markers = "python_version < \"3.8\""}
zipp = ">=0.5"

[package.extras]
docs = ["sphinx", "jaraco.packaging (>=9)", "rst.linker (>=1.9)"]
perf = ["ipython"]
testing = ["pytest (>=6)", "pytest-checkdocs (>=2.4)", "pytest-flake8", "pytest-cov", "pytest-enabler (>=1.3)", "packaging", "pyfakefs", "flufl.flake8", "pytest-perf (>=0.9.2)", "pytest-black (>=0.3.7)", "pytest-mypy (>=0.9.1)", "importlib-resources (>=1.3)"]

[[package]]
name = "lark-parser"
version = "0.11.3"
description = "a modern parsing library"
category = "main"
optional = false
python-versions = "*"

[package.extras]
atomic_cache = ["atomicwrites"]
nearley = ["js2py"]
regex = ["regex"]

[[package]]
name = "mysql-connector-python"
version = "8.0.29"
description = "MySQL driver written in Python"
category = "main"
optional = false
python-versions = "*"

[package.dependencies]
protobuf = ">=3.0.0"

[package.extras]
compression = ["lz4 (>=2.1.6)", "zstandard (>=0.12.0)"]
dns-srv = ["dnspython (>=1.16.0)"]
gssapi = ["gssapi (>=1.6.9)"]

[[package]]
name = "numpy"
version = "1.21.6"
description = "NumPy is the fundamental package for array computing with Python."
category = "main"
optional = false
python-versions = ">=3.7,<3.11"

[[package]]
name = "numpy"
version = "1.23.0"
description = "NumPy is the fundamental package for array computing with Python."
category = "main"
optional = false
python-versions = ">=3.8"

[[package]]
name = "oscrypto"
version = "1.3.0"
description = "TLS (SSL) sockets, key generation, encryption, decryption, signing, verification and KDFs using the OS crypto libraries. Does not require a compiler, and relies on the OS for patching. Works on Windows, OS X and Linux/BSD."
category = "main"
optional = false
python-versions = "*"

[package.dependencies]
asn1crypto = ">=1.5.1"

[[package]]
name = "pandas"
version = "1.3.5"
description = "Powerful data structures for data analysis, time series, and statistics"
category = "main"
optional = false
python-versions = ">=3.7.1"

[package.dependencies]
numpy = [
    {version = ">=1.17.3", markers = "platform_machine != \"aarch64\" and platform_machine != \"arm64\" and python_version < \"3.10\""},
    {version = ">=1.19.2", markers = "platform_machine == \"aarch64\" and python_version < \"3.10\""},
    {version = ">=1.20.0", markers = "platform_machine == \"arm64\" and python_version < \"3.10\""},
    {version = ">=1.21.0", markers = "python_version >= \"3.10\""},
]
python-dateutil = ">=2.7.3"
pytz = ">=2017.3"

[package.extras]
test = ["hypothesis (>=3.58)", "pytest (>=6.0)", "pytest-xdist"]

[[package]]
name = "parameterized"
version = "0.8.1"
description = "Parameterized testing with any Python test framework"
category = "dev"
optional = false
python-versions = "*"

[package.extras]
dev = ["jinja2"]

[[package]]
name = "preql"
version = "0.2.15"
description = "An interpreted relational query language that compiles to SQL"
category = "main"
optional = false
python-versions = ">=3.6,<4.0"

[package.dependencies]
arrow = "*"
dsnparse = "*"
lark-parser = ">=0.11.3,<0.12.0"
prompt-toolkit = "*"
pygments = "*"
rich = ">=10.7.0,<11.0.0"
runtype = ">=0.2.4,<0.3.0"

[package.extras]
pgsql = ["psycopg2"]
mysql = ["mysqlclient"]
server = ["starlette"]

[[package]]
name = "presto-python-client"
version = "0.8.2"
description = "Client for the Presto distributed SQL Engine"
category = "dev"
optional = false
python-versions = "*"

[package.dependencies]
click = "*"
requests = "*"
six = "*"

[package.extras]
all = ["requests-kerberos", "google-auth"]
google_auth = ["google-auth"]
kerberos = ["requests-kerberos"]
tests = ["requests-kerberos", "google-auth", "httpretty", "pytest", "pytest-runner"]

[[package]]
name = "prompt-toolkit"
version = "3.0.30"
description = "Library for building powerful interactive command lines in Python"
category = "main"
optional = false
python-versions = ">=3.6.2"

[package.dependencies]
wcwidth = "*"

[[package]]
name = "protobuf"
version = "4.21.2"
description = ""
category = "main"
optional = false
python-versions = ">=3.7"

[[package]]
name = "psycopg2"
version = "2.9.3"
description = "psycopg2 - Python-PostgreSQL Database Adapter"
category = "main"
optional = false
python-versions = ">=3.6"

[[package]]
name = "pyarrow"
version = "8.0.0"
description = "Python library for Apache Arrow"
category = "main"
optional = false
python-versions = ">=3.7"

[package.dependencies]
numpy = ">=1.16.6"

[[package]]
name = "pycparser"
version = "2.21"
description = "C parser in Python"
category = "main"
optional = false
python-versions = ">=2.7, !=3.0.*, !=3.1.*, !=3.2.*, !=3.3.*"

[[package]]
name = "pycryptodomex"
version = "3.15.0"
description = "Cryptographic library for Python"
category = "main"
optional = false
python-versions = ">=2.7, !=3.0.*, !=3.1.*, !=3.2.*, !=3.3.*, !=3.4.*"

[[package]]
name = "pygments"
version = "2.12.0"
description = "Pygments is a syntax highlighting package written in Python."
category = "main"
optional = false
python-versions = ">=3.6"

[[package]]
name = "pyjwt"
version = "2.4.0"
description = "JSON Web Token implementation in Python"
category = "main"
optional = false
python-versions = ">=3.6"

[package.extras]
crypto = ["cryptography (>=3.3.1)"]
dev = ["sphinx", "sphinx-rtd-theme", "zope.interface", "cryptography (>=3.3.1)", "pytest (>=6.0.0,<7.0.0)", "coverage[toml] (==5.0.4)", "mypy", "pre-commit"]
docs = ["sphinx", "sphinx-rtd-theme", "zope.interface"]
tests = ["pytest (>=6.0.0,<7.0.0)", "coverage[toml] (==5.0.4)"]

[[package]]
name = "pyopenssl"
version = "22.0.0"
description = "Python wrapper module around the OpenSSL library"
category = "main"
optional = false
python-versions = ">=3.6"

[package.dependencies]
cryptography = ">=35.0"

[package.extras]
docs = ["sphinx", "sphinx-rtd-theme"]
test = ["flaky", "pretend", "pytest (>=3.0.1)"]

[[package]]
name = "python-dateutil"
version = "2.8.2"
description = "Extensions to the standard Python datetime module"
category = "main"
optional = false
python-versions = "!=3.0.*,!=3.1.*,!=3.2.*,>=2.7"

[package.dependencies]
six = ">=1.5"

[[package]]
name = "pytz"
version = "2022.1"
description = "World timezone definitions, modern and historical"
category = "main"
optional = false
python-versions = "*"

[[package]]
name = "requests"
version = "2.28.1"
description = "Python HTTP for Humans."
category = "main"
optional = false
python-versions = ">=3.7, <4"

[package.dependencies]
certifi = ">=2017.4.17"
charset-normalizer = ">=2,<3"
idna = ">=2.5,<4"
urllib3 = ">=1.21.1,<1.27"

[package.extras]
socks = ["PySocks (>=1.5.6,!=1.5.7)"]
use_chardet_on_py3 = ["chardet (>=3.0.2,<6)"]

[[package]]
name = "rich"
version = "10.16.2"
description = "Render rich text, tables, progress bars, syntax highlighting, markdown and more to the terminal"
category = "main"
optional = false
python-versions = ">=3.6.2,<4.0.0"

[package.dependencies]
colorama = ">=0.4.0,<0.5.0"
commonmark = ">=0.9.0,<0.10.0"
pygments = ">=2.6.0,<3.0.0"
typing-extensions = {version = ">=3.7.4,<5.0", markers = "python_version < \"3.8\""}

[package.extras]
jupyter = ["ipywidgets (>=7.5.1,<8.0.0)"]

[[package]]
name = "runtype"
version = "0.2.7"
description = "Type dispatch and validation for run-time Python"
category = "main"
optional = false
python-versions = ">=3.6,<4.0"

[[package]]
name = "six"
version = "1.16.0"
description = "Python 2 and 3 compatibility utilities"
category = "main"
optional = false
python-versions = ">=2.7, !=3.0.*, !=3.1.*, !=3.2.*"

[[package]]
name = "snowflake-connector-python"
version = "2.7.9"
description = "Snowflake Connector for Python"
category = "main"
optional = false
python-versions = ">=3.7"

[package.dependencies]
asn1crypto = ">0.24.0,<2.0.0"
certifi = ">=2017.4.17"
cffi = ">=1.9,<2.0.0"
charset-normalizer = ">=2.0.0,<2.1.0"
cryptography = ">=3.1.0,<37.0.0"
idna = ">=2.5,<4"
oscrypto = "<2.0.0"
pycryptodomex = ">=3.2,<3.5.0 || >3.5.0,<4.0.0"
pyjwt = "<3.0.0"
pyOpenSSL = ">=16.2.0,<23.0.0"
pytz = "*"
requests = "<3.0.0"

[package.extras]
development = ["cython", "coverage", "more-itertools", "numpy (<1.23.0)", "pendulum (!=2.1.1)", "pexpect", "pytest (<7.2.0)", "pytest-cov", "pytest-rerunfailures", "pytest-timeout", "pytest-xdist", "pytzdata"]
pandas = ["pandas (>=1.0.0,<1.5.0)", "pyarrow (>=6.0.0,<6.1.0)"]
secure-local-storage = ["keyring (!=16.1.0,<24.0.0)"]

[[package]]
name = "thrift"
version = "0.16.0"
description = "Python bindings for the Apache Thrift RPC system"
category = "main"
optional = false
python-versions = "*"

[package.dependencies]
six = ">=1.7.2"

[package.extras]
all = ["tornado (>=4.0)", "twisted"]
tornado = ["tornado (>=4.0)"]
twisted = ["twisted"]

[[package]]
name = "toml"
version = "0.10.2"
description = "Python Library for Tom's Obvious, Minimal Language"
category = "main"
optional = false
python-versions = ">=2.6, !=3.0.*, !=3.1.*, !=3.2.*"

[[package]]
name = "trino"
version = "0.314.0"
description = "Client for the Trino distributed SQL Engine"
category = "main"
optional = false
python-versions = ">=3.7"

[package.dependencies]
pytz = "*"
requests = "*"

[package.extras]
all = ["requests-kerberos", "sqlalchemy (>=1.3,<2.0)"]
external-authentication-token-cache = ["keyring"]
kerberos = ["requests-kerberos"]
sqlalchemy = ["sqlalchemy (>=1.3,<2.0)"]
tests = ["requests-kerberos", "sqlalchemy (>=1.3,<2.0)", "httpretty (<1.1)", "pytest", "pytest-runner", "click"]

[[package]]
name = "typing-extensions"
version = "4.3.0"
description = "Backported and Experimental Type Hints for Python 3.7+"
category = "main"
optional = false
python-versions = ">=3.7"

[[package]]
name = "unittest-parallel"
version = "1.5.2"
description = "Parallel unit test runner with coverage support"
category = "dev"
optional = false
python-versions = "*"

[package.dependencies]
coverage = ">=5.1"

[[package]]
name = "urllib3"
version = "1.26.9"
description = "HTTP library with thread-safe connection pooling, file post, and more."
category = "main"
optional = false
python-versions = ">=2.7, !=3.0.*, !=3.1.*, !=3.2.*, !=3.3.*, !=3.4.*, <4"

[package.extras]
brotli = ["brotlicffi (>=0.8.0)", "brotli (>=1.0.9)", "brotlipy (>=0.6.0)"]
secure = ["pyOpenSSL (>=0.14)", "cryptography (>=1.3.4)", "idna (>=2.0.0)", "certifi", "ipaddress"]
socks = ["PySocks (>=1.5.6,!=1.5.7,<2.0)"]

[[package]]
name = "wcwidth"
version = "0.2.5"
description = "Measures the displayed width of unicode strings in a terminal"
category = "main"
optional = false
python-versions = "*"

[[package]]
name = "zipp"
version = "3.8.0"
description = "Backport of pathlib-compatible object wrapper for zip files"
category = "main"
optional = false
python-versions = ">=3.7"

[package.extras]
docs = ["sphinx", "jaraco.packaging (>=9)", "rst.linker (>=1.9)"]
testing = ["pytest (>=6)", "pytest-checkdocs (>=2.4)", "pytest-flake8", "pytest-cov", "pytest-enabler (>=1.0.1)", "jaraco.itertools", "func-timeout", "pytest-black (>=0.3.7)", "pytest-mypy (>=0.9.1)"]

[extras]
databricks = ["databricks-sql-connector"]
mysql = ["mysql-connector-python"]
oracle = []
postgresql = ["psycopg2"]
preql = ["preql"]
presto = []
snowflake = ["snowflake-connector-python"]
trino = ["trino"]

[metadata]
lock-version = "1.1"
python-versions = "^3.7.1"
content-hash = "ed5a4324ed9afd4d7bbd179fc743512990ef84ef0ba475676be2ec3924652eb5"

[metadata.files]
arrow = []
asn1crypto = []
certifi = [
    {file = "certifi-2022.6.15-py3-none-any.whl", hash = "sha256:fe86415d55e84719d75f8b69414f6438ac3547d2078ab91b67e779ef69378412"},
    {file = "certifi-2022.6.15.tar.gz", hash = "sha256:84c85a9078b11105f04f3036a9482ae10e4621616db313fe045dd24743a0820d"},
]
cffi = []
charset-normalizer = [
    {file = "charset-normalizer-2.0.12.tar.gz", hash = "sha256:2857e29ff0d34db842cd7ca3230549d1a697f96ee6d3fb071cfa6c7393832597"},
    {file = "charset_normalizer-2.0.12-py3-none-any.whl", hash = "sha256:6881edbebdb17b39b4eaaa821b438bf6eddffb4468cf344f09f89def34a8b1df"},
]
click = [
    {file = "click-8.1.3-py3-none-any.whl", hash = "sha256:bb4d8133cb15a609f44e8213d9b391b0809795062913b383c62be0ee95b1db48"},
    {file = "click-8.1.3.tar.gz", hash = "sha256:7682dc8afb30297001674575ea00d1814d808d6a36af415a82bd481d37ba7b8e"},
]
colorama = [
    {file = "colorama-0.4.5-py2.py3-none-any.whl", hash = "sha256:854bf444933e37f5824ae7bfc1e98d5bce2ebe4160d46b5edf346a89358e99da"},
    {file = "colorama-0.4.5.tar.gz", hash = "sha256:e6c6b4334fc50988a639d9b98aa429a0b57da6e17b9a44f0451f930b6967b7a4"},
]
commonmark = []
coverage = []
cryptography = []
dsnparse = []
idna = [
    {file = "idna-3.3-py3-none-any.whl", hash = "sha256:84d9dd047ffa80596e0f246e2eab0b391788b0503584e8945f2368256d2735ff"},
    {file = "idna-3.3.tar.gz", hash = "sha256:9d643ff0a55b762d5cdb124b8eaa99c66322e2157b69160bc32796e824360e6d"},
]
importlib-metadata = [
    {file = "importlib_metadata-4.12.0-py3-none-any.whl", hash = "sha256:7401a975809ea1fdc658c3aa4f78cc2195a0e019c5cbc4c06122884e9ae80c23"},
    {file = "importlib_metadata-4.12.0.tar.gz", hash = "sha256:637245b8bab2b6502fcbc752cc4b7a6f6243bb02b31c5c26156ad103d3d45670"},
]
lark-parser = [
    {file = "lark-parser-0.11.3.tar.gz", hash = "sha256:e29ca814a98bb0f81674617d878e5f611cb993c19ea47f22c80da3569425f9bd"},
]
mysql-connector-python = [
    {file = "mysql-connector-python-8.0.29.tar.gz", hash = "sha256:29ec05ded856b4da4e47239f38489c03b31673ae0f46a090d0e4e29c670e6181"},
    {file = "mysql_connector_python-8.0.29-cp310-cp310-macosx_11_0_x86_64.whl", hash = "sha256:bed43ea3a11f8d4e7c2e3f20c891214e68b45451314f91fddf9ca701de7a53ac"},
    {file = "mysql_connector_python-8.0.29-cp310-cp310-manylinux1_i686.whl", hash = "sha256:6e2267ad75b37b5e1c480cde77cdc4f795427a54266ead30aabcdbf75ac70064"},
    {file = "mysql_connector_python-8.0.29-cp310-cp310-manylinux1_x86_64.whl", hash = "sha256:d5afb766b379111942d4260f29499f93355823c7241926471d843c9281fe477c"},
    {file = "mysql_connector_python-8.0.29-cp310-cp310-win_amd64.whl", hash = "sha256:4de5959e27038cbd11dfccb1afaa2fd258c013e59d3e15709dd1992086103050"},
    {file = "mysql_connector_python-8.0.29-cp37-cp37m-macosx_11_0_x86_64.whl", hash = "sha256:895135cde57622edf48e1fce3beb4ed85f18332430d48f5c1d9630d49f7712b0"},
    {file = "mysql_connector_python-8.0.29-cp37-cp37m-manylinux1_i686.whl", hash = "sha256:fdd262d8538aa504475f8860cfda939a297d3b213c8d15f7ceed52508aeb2aa3"},
    {file = "mysql_connector_python-8.0.29-cp37-cp37m-manylinux1_x86_64.whl", hash = "sha256:89597c091c4f25b6e023cbbcd32be73affbb0b44256761fe3b8e1d4b14d14d02"},
    {file = "mysql_connector_python-8.0.29-cp37-cp37m-win_amd64.whl", hash = "sha256:ab0e9d9b5fc114b78dfa9c74e8bfa30b48fcfa17dbb9241ad6faada08a589900"},
    {file = "mysql_connector_python-8.0.29-cp38-cp38-macosx_11_0_x86_64.whl", hash = "sha256:245087999f081b389d66621f2abfe2463e3927f63c7c4c0f70ce0f82786ccb93"},
    {file = "mysql_connector_python-8.0.29-cp38-cp38-manylinux1_i686.whl", hash = "sha256:5eef51e48b22aadd633563bbdaf02112d98d954a4ead53f72fde283ea3f88152"},
    {file = "mysql_connector_python-8.0.29-cp38-cp38-manylinux1_x86_64.whl", hash = "sha256:b7dccd7f72f19c97b58428ebf8e709e24eb7e9b67a408af7e77b60efde44bea4"},
    {file = "mysql_connector_python-8.0.29-cp38-cp38-win_amd64.whl", hash = "sha256:7be3aeff73b85eab3af2a1e80c053a98cbcb99e142192e551ebd4c1e41ce2596"},
    {file = "mysql_connector_python-8.0.29-cp39-cp39-macosx_11_0_x86_64.whl", hash = "sha256:a7fd6a71df824f5a7d9a94060598d67b3a32eeccdc9837ee2cd98a44e2536cae"},
    {file = "mysql_connector_python-8.0.29-cp39-cp39-manylinux1_i686.whl", hash = "sha256:fd608c288f596c4c8767d9a8e90f129385bd19ee6e3adaf6974ad8012c6138b8"},
    {file = "mysql_connector_python-8.0.29-cp39-cp39-manylinux1_x86_64.whl", hash = "sha256:f353893481476a537cca7afd4e81e0ed84dd2173932b7f1721ab3e3351cbf324"},
    {file = "mysql_connector_python-8.0.29-cp39-cp39-win_amd64.whl", hash = "sha256:1bef2a4a2b529c6e9c46414100ab7032c252244e8a9e017d2b6a41bb9cea9312"},
    {file = "mysql_connector_python-8.0.29-py2.py3-none-any.whl", hash = "sha256:047420715bbb51d3cba78de446c8a6db4666459cd23e168568009c620a3f5b90"},
]
numpy = [
    {file = "numpy-1.21.6-cp310-cp310-macosx_10_9_universal2.whl", hash = "sha256:8737609c3bbdd48e380d463134a35ffad3b22dc56295eff6f79fd85bd0eeeb25"},
    {file = "numpy-1.21.6-cp310-cp310-macosx_10_9_x86_64.whl", hash = "sha256:fdffbfb6832cd0b300995a2b08b8f6fa9f6e856d562800fea9182316d99c4e8e"},
    {file = "numpy-1.21.6-cp310-cp310-macosx_11_0_arm64.whl", hash = "sha256:3820724272f9913b597ccd13a467cc492a0da6b05df26ea09e78b171a0bb9da6"},
    {file = "numpy-1.21.6-cp310-cp310-manylinux_2_17_aarch64.manylinux2014_aarch64.whl", hash = "sha256:f17e562de9edf691a42ddb1eb4a5541c20dd3f9e65b09ded2beb0799c0cf29bb"},
    {file = "numpy-1.21.6-cp310-cp310-manylinux_2_17_x86_64.manylinux2014_x86_64.whl", hash = "sha256:5f30427731561ce75d7048ac254dbe47a2ba576229250fb60f0fb74db96501a1"},
    {file = "numpy-1.21.6-cp310-cp310-win32.whl", hash = "sha256:d4bf4d43077db55589ffc9009c0ba0a94fa4908b9586d6ccce2e0b164c86303c"},
    {file = "numpy-1.21.6-cp310-cp310-win_amd64.whl", hash = "sha256:d136337ae3cc69aa5e447e78d8e1514be8c3ec9b54264e680cf0b4bd9011574f"},
    {file = "numpy-1.21.6-cp37-cp37m-macosx_10_9_x86_64.whl", hash = "sha256:6aaf96c7f8cebc220cdfc03f1d5a31952f027dda050e5a703a0d1c396075e3e7"},
    {file = "numpy-1.21.6-cp37-cp37m-manylinux_2_12_i686.manylinux2010_i686.whl", hash = "sha256:67c261d6c0a9981820c3a149d255a76918278a6b03b6a036800359aba1256d46"},
    {file = "numpy-1.21.6-cp37-cp37m-manylinux_2_12_x86_64.manylinux2010_x86_64.whl", hash = "sha256:a6be4cb0ef3b8c9250c19cc122267263093eee7edd4e3fa75395dfda8c17a8e2"},
    {file = "numpy-1.21.6-cp37-cp37m-manylinux_2_17_aarch64.manylinux2014_aarch64.whl", hash = "sha256:7c4068a8c44014b2d55f3c3f574c376b2494ca9cc73d2f1bd692382b6dffe3db"},
    {file = "numpy-1.21.6-cp37-cp37m-win32.whl", hash = "sha256:7c7e5fa88d9ff656e067876e4736379cc962d185d5cd808014a8a928d529ef4e"},
    {file = "numpy-1.21.6-cp37-cp37m-win_amd64.whl", hash = "sha256:bcb238c9c96c00d3085b264e5c1a1207672577b93fa666c3b14a45240b14123a"},
    {file = "numpy-1.21.6-cp38-cp38-macosx_10_9_universal2.whl", hash = "sha256:82691fda7c3f77c90e62da69ae60b5ac08e87e775b09813559f8901a88266552"},
    {file = "numpy-1.21.6-cp38-cp38-macosx_10_9_x86_64.whl", hash = "sha256:643843bcc1c50526b3a71cd2ee561cf0d8773f062c8cbaf9ffac9fdf573f83ab"},
    {file = "numpy-1.21.6-cp38-cp38-macosx_11_0_arm64.whl", hash = "sha256:357768c2e4451ac241465157a3e929b265dfac85d9214074985b1786244f2ef3"},
    {file = "numpy-1.21.6-cp38-cp38-manylinux_2_12_i686.manylinux2010_i686.whl", hash = "sha256:9f411b2c3f3d76bba0865b35a425157c5dcf54937f82bbeb3d3c180789dd66a6"},
    {file = "numpy-1.21.6-cp38-cp38-manylinux_2_12_x86_64.manylinux2010_x86_64.whl", hash = "sha256:4aa48afdce4660b0076a00d80afa54e8a97cd49f457d68a4342d188a09451c1a"},
    {file = "numpy-1.21.6-cp38-cp38-manylinux_2_17_aarch64.manylinux2014_aarch64.whl", hash = "sha256:d6a96eef20f639e6a97d23e57dd0c1b1069a7b4fd7027482a4c5c451cd7732f4"},
    {file = "numpy-1.21.6-cp38-cp38-win32.whl", hash = "sha256:5c3c8def4230e1b959671eb959083661b4a0d2e9af93ee339c7dada6759a9470"},
    {file = "numpy-1.21.6-cp38-cp38-win_amd64.whl", hash = "sha256:bf2ec4b75d0e9356edea834d1de42b31fe11f726a81dfb2c2112bc1eaa508fcf"},
    {file = "numpy-1.21.6-cp39-cp39-macosx_10_9_universal2.whl", hash = "sha256:4391bd07606be175aafd267ef9bea87cf1b8210c787666ce82073b05f202add1"},
    {file = "numpy-1.21.6-cp39-cp39-macosx_10_9_x86_64.whl", hash = "sha256:67f21981ba2f9d7ba9ade60c9e8cbaa8cf8e9ae51673934480e45cf55e953673"},
    {file = "numpy-1.21.6-cp39-cp39-macosx_11_0_arm64.whl", hash = "sha256:ee5ec40fdd06d62fe5d4084bef4fd50fd4bb6bfd2bf519365f569dc470163ab0"},
    {file = "numpy-1.21.6-cp39-cp39-manylinux_2_12_i686.manylinux2010_i686.whl", hash = "sha256:1dbe1c91269f880e364526649a52eff93ac30035507ae980d2fed33aaee633ac"},
    {file = "numpy-1.21.6-cp39-cp39-manylinux_2_12_x86_64.manylinux2010_x86_64.whl", hash = "sha256:d9caa9d5e682102453d96a0ee10c7241b72859b01a941a397fd965f23b3e016b"},
    {file = "numpy-1.21.6-cp39-cp39-manylinux_2_17_aarch64.manylinux2014_aarch64.whl", hash = "sha256:58459d3bad03343ac4b1b42ed14d571b8743dc80ccbf27444f266729df1d6f5b"},
    {file = "numpy-1.21.6-cp39-cp39-win32.whl", hash = "sha256:7f5ae4f304257569ef3b948810816bc87c9146e8c446053539947eedeaa32786"},
    {file = "numpy-1.21.6-cp39-cp39-win_amd64.whl", hash = "sha256:e31f0bb5928b793169b87e3d1e070f2342b22d5245c755e2b81caa29756246c3"},
    {file = "numpy-1.21.6-pp37-pypy37_pp73-manylinux_2_12_x86_64.manylinux2010_x86_64.whl", hash = "sha256:dd1c8f6bd65d07d3810b90d02eba7997e32abbdf1277a481d698969e921a3be0"},
    {file = "numpy-1.21.6.zip", hash = "sha256:ecb55251139706669fdec2ff073c98ef8e9a84473e51e716211b41aa0f18e656"},
    {file = "numpy-1.23.0-cp310-cp310-macosx_10_9_x86_64.whl", hash = "sha256:58bfd40eb478f54ff7a5710dd61c8097e169bc36cc68333d00a9bcd8def53b38"},
    {file = "numpy-1.23.0-cp310-cp310-macosx_11_0_arm64.whl", hash = "sha256:196cd074c3f97c4121601790955f915187736f9cf458d3ee1f1b46aff2b1ade0"},
    {file = "numpy-1.23.0-cp310-cp310-manylinux_2_17_aarch64.manylinux2014_aarch64.whl", hash = "sha256:f1d88ef79e0a7fa631bb2c3dda1ea46b32b1fe614e10fedd611d3d5398447f2f"},
    {file = "numpy-1.23.0-cp310-cp310-manylinux_2_17_x86_64.manylinux2014_x86_64.whl", hash = "sha256:d54b3b828d618a19779a84c3ad952e96e2c2311b16384e973e671aa5be1f6187"},
    {file = "numpy-1.23.0-cp310-cp310-win32.whl", hash = "sha256:2b2da66582f3a69c8ce25ed7921dcd8010d05e59ac8d89d126a299be60421171"},
    {file = "numpy-1.23.0-cp310-cp310-win_amd64.whl", hash = "sha256:97a76604d9b0e79f59baeca16593c711fddb44936e40310f78bfef79ee9a835f"},
    {file = "numpy-1.23.0-cp38-cp38-macosx_10_9_x86_64.whl", hash = "sha256:d8cc87bed09de55477dba9da370c1679bd534df9baa171dd01accbb09687dac3"},
    {file = "numpy-1.23.0-cp38-cp38-macosx_11_0_arm64.whl", hash = "sha256:f0f18804df7370571fb65db9b98bf1378172bd4e962482b857e612d1fec0f53e"},
    {file = "numpy-1.23.0-cp38-cp38-manylinux_2_17_aarch64.manylinux2014_aarch64.whl", hash = "sha256:ac86f407873b952679f5f9e6c0612687e51547af0e14ddea1eedfcb22466babd"},
    {file = "numpy-1.23.0-cp38-cp38-manylinux_2_17_x86_64.manylinux2014_x86_64.whl", hash = "sha256:ae8adff4172692ce56233db04b7ce5792186f179c415c37d539c25de7298d25d"},
    {file = "numpy-1.23.0-cp38-cp38-win32.whl", hash = "sha256:fe8b9683eb26d2c4d5db32cd29b38fdcf8381324ab48313b5b69088e0e355379"},
    {file = "numpy-1.23.0-cp38-cp38-win_amd64.whl", hash = "sha256:5043bcd71fcc458dfb8a0fc5509bbc979da0131b9d08e3d5f50fb0bbb36f169a"},
    {file = "numpy-1.23.0-cp39-cp39-macosx_10_9_x86_64.whl", hash = "sha256:1c29b44905af288b3919803aceb6ec7fec77406d8b08aaa2e8b9e63d0fe2f160"},
    {file = "numpy-1.23.0-cp39-cp39-macosx_11_0_arm64.whl", hash = "sha256:98e8e0d8d69ff4d3fa63e6c61e8cfe2d03c29b16b58dbef1f9baa175bbed7860"},
    {file = "numpy-1.23.0-cp39-cp39-manylinux_2_17_aarch64.manylinux2014_aarch64.whl", hash = "sha256:79a506cacf2be3a74ead5467aee97b81fca00c9c4c8b3ba16dbab488cd99ba10"},
    {file = "numpy-1.23.0-cp39-cp39-manylinux_2_17_x86_64.manylinux2014_x86_64.whl", hash = "sha256:092f5e6025813e64ad6d1b52b519165d08c730d099c114a9247c9bb635a2a450"},
    {file = "numpy-1.23.0-cp39-cp39-win32.whl", hash = "sha256:d6ca8dabe696c2785d0c8c9b0d8a9b6e5fdbe4f922bde70d57fa1a2848134f95"},
    {file = "numpy-1.23.0-cp39-cp39-win_amd64.whl", hash = "sha256:fc431493df245f3c627c0c05c2bd134535e7929dbe2e602b80e42bf52ff760bc"},
    {file = "numpy-1.23.0-pp38-pypy38_pp73-macosx_10_9_x86_64.whl", hash = "sha256:f9c3fc2adf67762c9fe1849c859942d23f8d3e0bee7b5ed3d4a9c3eeb50a2f07"},
    {file = "numpy-1.23.0-pp38-pypy38_pp73-manylinux_2_17_x86_64.manylinux2014_x86_64.whl", hash = "sha256:d0d2094e8f4d760500394d77b383a1b06d3663e8892cdf5df3c592f55f3bff66"},
    {file = "numpy-1.23.0-pp38-pypy38_pp73-win_amd64.whl", hash = "sha256:94b170b4fa0168cd6be4becf37cb5b127bd12a795123984385b8cd4aca9857e5"},
    {file = "numpy-1.23.0.tar.gz", hash = "sha256:bd3fa4fe2e38533d5336e1272fc4e765cabbbde144309ccee8675509d5cd7b05"},
]
oscrypto = [
    {file = "oscrypto-1.3.0-py2.py3-none-any.whl", hash = "sha256:2b2f1d2d42ec152ca90ccb5682f3e051fb55986e1b170ebde472b133713e7085"},
    {file = "oscrypto-1.3.0.tar.gz", hash = "sha256:6f5fef59cb5b3708321db7cca56aed8ad7e662853351e7991fcf60ec606d47a4"},
]
pandas = [
    {file = "pandas-1.3.5-cp310-cp310-macosx_10_9_universal2.whl", hash = "sha256:62d5b5ce965bae78f12c1c0df0d387899dd4211ec0bdc52822373f13a3a022b9"},
    {file = "pandas-1.3.5-cp310-cp310-macosx_10_9_x86_64.whl", hash = "sha256:adfeb11be2d54f275142c8ba9bf67acee771b7186a5745249c7d5a06c670136b"},
    {file = "pandas-1.3.5-cp310-cp310-macosx_11_0_arm64.whl", hash = "sha256:60a8c055d58873ad81cae290d974d13dd479b82cbb975c3e1fa2cf1920715296"},
    {file = "pandas-1.3.5-cp310-cp310-manylinux_2_17_aarch64.manylinux2014_aarch64.whl", hash = "sha256:fd541ab09e1f80a2a1760032d665f6e032d8e44055d602d65eeea6e6e85498cb"},
    {file = "pandas-1.3.5-cp310-cp310-manylinux_2_17_x86_64.manylinux2014_x86_64.whl", hash = "sha256:2651d75b9a167cc8cc572cf787ab512d16e316ae00ba81874b560586fa1325e0"},
    {file = "pandas-1.3.5-cp310-cp310-win_amd64.whl", hash = "sha256:aaf183a615ad790801fa3cf2fa450e5b6d23a54684fe386f7e3208f8b9bfbef6"},
    {file = "pandas-1.3.5-cp37-cp37m-macosx_10_9_x86_64.whl", hash = "sha256:344295811e67f8200de2390093aeb3c8309f5648951b684d8db7eee7d1c81fb7"},
    {file = "pandas-1.3.5-cp37-cp37m-manylinux_2_17_aarch64.manylinux2014_aarch64.whl", hash = "sha256:552020bf83b7f9033b57cbae65589c01e7ef1544416122da0c79140c93288f56"},
    {file = "pandas-1.3.5-cp37-cp37m-manylinux_2_17_x86_64.manylinux2014_x86_64.whl", hash = "sha256:5cce0c6bbeb266b0e39e35176ee615ce3585233092f685b6a82362523e59e5b4"},
    {file = "pandas-1.3.5-cp37-cp37m-manylinux_2_5_i686.manylinux1_i686.manylinux_2_17_i686.manylinux2014_i686.whl", hash = "sha256:7d28a3c65463fd0d0ba8bbb7696b23073efee0510783340a44b08f5e96ffce0c"},
    {file = "pandas-1.3.5-cp37-cp37m-win32.whl", hash = "sha256:a62949c626dd0ef7de11de34b44c6475db76995c2064e2d99c6498c3dba7fe58"},
    {file = "pandas-1.3.5-cp37-cp37m-win_amd64.whl", hash = "sha256:8025750767e138320b15ca16d70d5cdc1886e8f9cc56652d89735c016cd8aea6"},
    {file = "pandas-1.3.5-cp38-cp38-macosx_10_9_x86_64.whl", hash = "sha256:fe95bae4e2d579812865db2212bb733144e34d0c6785c0685329e5b60fcb85dd"},
    {file = "pandas-1.3.5-cp38-cp38-manylinux_2_17_aarch64.manylinux2014_aarch64.whl", hash = "sha256:5f261553a1e9c65b7a310302b9dbac31cf0049a51695c14ebe04e4bfd4a96f02"},
    {file = "pandas-1.3.5-cp38-cp38-manylinux_2_17_x86_64.manylinux2014_x86_64.whl", hash = "sha256:8b6dbec5f3e6d5dc80dcfee250e0a2a652b3f28663492f7dab9a24416a48ac39"},
    {file = "pandas-1.3.5-cp38-cp38-manylinux_2_5_i686.manylinux1_i686.manylinux_2_17_i686.manylinux2014_i686.whl", hash = "sha256:d3bc49af96cd6285030a64779de5b3688633a07eb75c124b0747134a63f4c05f"},
    {file = "pandas-1.3.5-cp38-cp38-win32.whl", hash = "sha256:b6b87b2fb39e6383ca28e2829cddef1d9fc9e27e55ad91ca9c435572cdba51bf"},
    {file = "pandas-1.3.5-cp38-cp38-win_amd64.whl", hash = "sha256:a395692046fd8ce1edb4c6295c35184ae0c2bbe787ecbe384251da609e27edcb"},
    {file = "pandas-1.3.5-cp39-cp39-macosx_10_9_x86_64.whl", hash = "sha256:bd971a3f08b745a75a86c00b97f3007c2ea175951286cdda6abe543e687e5f2f"},
    {file = "pandas-1.3.5-cp39-cp39-manylinux_2_17_aarch64.manylinux2014_aarch64.whl", hash = "sha256:37f06b59e5bc05711a518aa10beaec10942188dccb48918bb5ae602ccbc9f1a0"},
    {file = "pandas-1.3.5-cp39-cp39-manylinux_2_17_x86_64.manylinux2014_x86_64.whl", hash = "sha256:2c21778a688d3712d35710501f8001cdbf96eb70a7c587a3d5613573299fdca6"},
    {file = "pandas-1.3.5-cp39-cp39-manylinux_2_5_i686.manylinux1_i686.manylinux_2_17_i686.manylinux2014_i686.whl", hash = "sha256:3345343206546545bc26a05b4602b6a24385b5ec7c75cb6059599e3d56831da2"},
    {file = "pandas-1.3.5-cp39-cp39-win32.whl", hash = "sha256:c69406a2808ba6cf580c2255bcf260b3f214d2664a3a4197d0e640f573b46fd3"},
    {file = "pandas-1.3.5-cp39-cp39-win_amd64.whl", hash = "sha256:32e1a26d5ade11b547721a72f9bfc4bd113396947606e00d5b4a5b79b3dcb006"},
    {file = "pandas-1.3.5.tar.gz", hash = "sha256:1e4285f5de1012de20ca46b188ccf33521bff61ba5c5ebd78b4fb28e5416a9f1"},
]
parameterized = [
    {file = "parameterized-0.8.1-py2.py3-none-any.whl", hash = "sha256:9cbb0b69a03e8695d68b3399a8a5825200976536fe1cb79db60ed6a4c8c9efe9"},
    {file = "parameterized-0.8.1.tar.gz", hash = "sha256:41bbff37d6186430f77f900d777e5bb6a24928a1c46fb1de692f8b52b8833b5c"},
]
preql = [
    {file = "preql-0.2.15-py3-none-any.whl", hash = "sha256:aacf1fb4df71fdcfb310ddf4f10d07fad53ff5712b441e7d2034554541616448"},
    {file = "preql-0.2.15.tar.gz", hash = "sha256:28b11dc088d258b5dd33dd371d57dc4fb600df3cdd7db7f94dbaf4bd6477cdb9"},
]
presto-python-client = [
    {file = "presto-python-client-0.8.2.tar.gz", hash = "sha256:15b0c7d23e8838369ad3db493dcd3b5bd6578883a1385b50712720353bba98c1"},
    {file = "presto_python_client-0.8.2-py3-none-any.whl", hash = "sha256:37a675df709fb194a656c9729f539dcf153dc4d3fb000a5a8502b22c683eb1aa"},
]
prompt-toolkit = [
    {file = "prompt_toolkit-3.0.30-py3-none-any.whl", hash = "sha256:d8916d3f62a7b67ab353a952ce4ced6a1d2587dfe9ef8ebc30dd7c386751f289"},
    {file = "prompt_toolkit-3.0.30.tar.gz", hash = "sha256:859b283c50bde45f5f97829f77a4674d1c1fcd88539364f1b28a37805cfd89c0"},
]
protobuf = [
    {file = "protobuf-4.21.2-cp310-abi3-win32.whl", hash = "sha256:d622dc75e289e8b3031dd8b4e87df508f11a6b3d86a49fb50256af7ce030d35b"},
    {file = "protobuf-4.21.2-cp310-abi3-win_amd64.whl", hash = "sha256:4758b9c22ad0486639a68cea58d38571f233019a73212d78476ec648f68a49a3"},
    {file = "protobuf-4.21.2-cp37-abi3-macosx_10_9_universal2.whl", hash = "sha256:e3d3df3292ab4bae85213b9ebef566b5aedb45f97425a92fac5b2e431d31e71c"},
    {file = "protobuf-4.21.2-cp37-abi3-manylinux2014_aarch64.whl", hash = "sha256:29eaf8e9db33bc3bae14576ad61370aa2b64ea5d6e6cd705042692e5e0404b10"},
    {file = "protobuf-4.21.2-cp37-abi3-manylinux2014_x86_64.whl", hash = "sha256:ef0768a609a02b2b412fa0f59f1242f1597e9bb15188d043f3fde09115ca6c69"},
    {file = "protobuf-4.21.2-cp37-cp37m-win32.whl", hash = "sha256:5f8c7488e74024fa12b46aab4258f707d7d6e94c8d322d7c45cc13770f66ab59"},
    {file = "protobuf-4.21.2-cp37-cp37m-win_amd64.whl", hash = "sha256:57a593e40257ab4f164fe6e171651b1386c98f8ec5f5a8643642889c50d4f3c4"},
    {file = "protobuf-4.21.2-cp38-cp38-win32.whl", hash = "sha256:b82ac05b0651a4d2b9d56f5aeef3d711f5858eb4b71c13d77553739e5930a74a"},
    {file = "protobuf-4.21.2-cp38-cp38-win_amd64.whl", hash = "sha256:f2f43ae8dff452aee3026b59ea0a09245ab2529a55a0984992e76bcf848610e1"},
    {file = "protobuf-4.21.2-cp39-cp39-win32.whl", hash = "sha256:7b2dcca25d88ec77358eed3d031c8260b5bf3023fff03a31c9584591c5910833"},
    {file = "protobuf-4.21.2-cp39-cp39-win_amd64.whl", hash = "sha256:095fda15fe04a79c9f0edab09b424be46dd057b15986d235b84c8cea91659df7"},
    {file = "protobuf-4.21.2-py2.py3-none-any.whl", hash = "sha256:9b42afb67e19010cdda057e439574ccd944902ea14b0d52ba0bfba2aad50858d"},
    {file = "protobuf-4.21.2-py3-none-any.whl", hash = "sha256:853708afc3a7eed4df28a8d4bd4812f829f8d736c104dd8d584ccff27969e311"},
    {file = "protobuf-4.21.2.tar.gz", hash = "sha256:863f65e137d9de4a76cac39ae731a19bea1c30997f512ecf0dc9348112313401"},
]
psycopg2 = [
    {file = "psycopg2-2.9.3-cp310-cp310-win32.whl", hash = "sha256:083707a696e5e1c330af2508d8fab36f9700b26621ccbcb538abe22e15485362"},
    {file = "psycopg2-2.9.3-cp310-cp310-win_amd64.whl", hash = "sha256:d3ca6421b942f60c008f81a3541e8faf6865a28d5a9b48544b0ee4f40cac7fca"},
    {file = "psycopg2-2.9.3-cp36-cp36m-win32.whl", hash = "sha256:9572e08b50aed176ef6d66f15a21d823bb6f6d23152d35e8451d7d2d18fdac56"},
    {file = "psycopg2-2.9.3-cp36-cp36m-win_amd64.whl", hash = "sha256:a81e3866f99382dfe8c15a151f1ca5fde5815fde879348fe5a9884a7c092a305"},
    {file = "psycopg2-2.9.3-cp37-cp37m-win32.whl", hash = "sha256:cb10d44e6694d763fa1078a26f7f6137d69f555a78ec85dc2ef716c37447e4b2"},
    {file = "psycopg2-2.9.3-cp37-cp37m-win_amd64.whl", hash = "sha256:4295093a6ae3434d33ec6baab4ca5512a5082cc43c0505293087b8a46d108461"},
    {file = "psycopg2-2.9.3-cp38-cp38-win32.whl", hash = "sha256:34b33e0162cfcaad151f249c2649fd1030010c16f4bbc40a604c1cb77173dcf7"},
    {file = "psycopg2-2.9.3-cp38-cp38-win_amd64.whl", hash = "sha256:0762c27d018edbcb2d34d51596e4346c983bd27c330218c56c4dc25ef7e819bf"},
    {file = "psycopg2-2.9.3-cp39-cp39-win32.whl", hash = "sha256:8cf3878353cc04b053822896bc4922b194792df9df2f1ad8da01fb3043602126"},
    {file = "psycopg2-2.9.3-cp39-cp39-win_amd64.whl", hash = "sha256:06f32425949bd5fe8f625c49f17ebb9784e1e4fe928b7cce72edc36fb68e4c0c"},
    {file = "psycopg2-2.9.3.tar.gz", hash = "sha256:8e841d1bf3434da985cc5ef13e6f75c8981ced601fd70cc6bf33351b91562981"},
]
pyarrow = [
    {file = "pyarrow-8.0.0-cp310-cp310-macosx_10_13_universal2.whl", hash = "sha256:d5ef4372559b191cafe7db8932801eee252bfc35e983304e7d60b6954576a071"},
    {file = "pyarrow-8.0.0-cp310-cp310-macosx_10_13_x86_64.whl", hash = "sha256:863be6bad6c53797129610930794a3e797cb7d41c0a30e6794a2ac0e42ce41b8"},
    {file = "pyarrow-8.0.0-cp310-cp310-macosx_10_9_x86_64.whl", hash = "sha256:69b043a3fce064ebd9fbae6abc30e885680296e5bd5e6f7353e6a87966cf2ad7"},
    {file = "pyarrow-8.0.0-cp310-cp310-macosx_11_0_arm64.whl", hash = "sha256:51e58778fcb8829fca37fbfaea7f208d5ce7ea89ea133dd13d8ce745278ee6f0"},
    {file = "pyarrow-8.0.0-cp310-cp310-manylinux_2_12_x86_64.manylinux2010_x86_64.whl", hash = "sha256:15511ce2f50343f3fd5e9f7c30e4d004da9134e9597e93e9c96c3985928cbe82"},
    {file = "pyarrow-8.0.0-cp310-cp310-manylinux_2_17_aarch64.manylinux2014_aarch64.whl", hash = "sha256:ea132067ec712d1b1116a841db1c95861508862b21eddbcafefbce8e4b96b867"},
    {file = "pyarrow-8.0.0-cp310-cp310-manylinux_2_17_x86_64.manylinux2014_x86_64.whl", hash = "sha256:deb400df8f19a90b662babceb6dd12daddda6bb357c216e558b207c0770c7654"},
    {file = "pyarrow-8.0.0-cp310-cp310-win_amd64.whl", hash = "sha256:3bd201af6e01f475f02be88cf1f6ee9856ab98c11d8bbb6f58347c58cd07be00"},
    {file = "pyarrow-8.0.0-cp37-cp37m-macosx_10_13_x86_64.whl", hash = "sha256:78a6ac39cd793582998dac88ab5c1c1dd1e6503df6672f064f33a21937ec1d8d"},
    {file = "pyarrow-8.0.0-cp37-cp37m-macosx_10_9_x86_64.whl", hash = "sha256:d6f1e1040413651819074ef5b500835c6c42e6c446532a1ddef8bc5054e8dba5"},
    {file = "pyarrow-8.0.0-cp37-cp37m-manylinux_2_12_x86_64.manylinux2010_x86_64.whl", hash = "sha256:98c13b2e28a91b0fbf24b483df54a8d7814c074c2623ecef40dce1fa52f6539b"},
    {file = "pyarrow-8.0.0-cp37-cp37m-manylinux_2_17_aarch64.manylinux2014_aarch64.whl", hash = "sha256:c9c97c8e288847e091dfbcdf8ce51160e638346f51919a9e74fe038b2e8aee62"},
    {file = "pyarrow-8.0.0-cp37-cp37m-manylinux_2_17_x86_64.manylinux2014_x86_64.whl", hash = "sha256:edad25522ad509e534400d6ab98cf1872d30c31bc5e947712bfd57def7af15bb"},
    {file = "pyarrow-8.0.0-cp37-cp37m-win_amd64.whl", hash = "sha256:ece333706a94c1221ced8b299042f85fd88b5db802d71be70024433ddf3aecab"},
    {file = "pyarrow-8.0.0-cp38-cp38-macosx_10_13_x86_64.whl", hash = "sha256:95c7822eb37663e073da9892f3499fe28e84f3464711a3e555e0c5463fd53a19"},
    {file = "pyarrow-8.0.0-cp38-cp38-macosx_10_9_x86_64.whl", hash = "sha256:25a5f7c7f36df520b0b7363ba9f51c3070799d4b05d587c60c0adaba57763479"},
    {file = "pyarrow-8.0.0-cp38-cp38-macosx_11_0_arm64.whl", hash = "sha256:ce64bc1da3109ef5ab9e4c60316945a7239c798098a631358e9ab39f6e5529e9"},
    {file = "pyarrow-8.0.0-cp38-cp38-manylinux_2_12_x86_64.manylinux2010_x86_64.whl", hash = "sha256:541e7845ce5f27a861eb5b88ee165d931943347eec17b9ff1e308663531c9647"},
    {file = "pyarrow-8.0.0-cp38-cp38-manylinux_2_17_aarch64.manylinux2014_aarch64.whl", hash = "sha256:8cd86e04a899bef43e25184f4b934584861d787cf7519851a8c031803d45c6d8"},
    {file = "pyarrow-8.0.0-cp38-cp38-manylinux_2_17_x86_64.manylinux2014_x86_64.whl", hash = "sha256:ba2b7aa7efb59156b87987a06f5241932914e4d5bbb74a465306b00a6c808849"},
    {file = "pyarrow-8.0.0-cp38-cp38-win_amd64.whl", hash = "sha256:42b7982301a9ccd06e1dd4fabd2e8e5df74b93ce4c6b87b81eb9e2d86dc79871"},
    {file = "pyarrow-8.0.0-cp39-cp39-macosx_10_13_universal2.whl", hash = "sha256:1dd482ccb07c96188947ad94d7536ab696afde23ad172df8e18944ec79f55055"},
    {file = "pyarrow-8.0.0-cp39-cp39-macosx_10_13_x86_64.whl", hash = "sha256:81b87b782a1366279411f7b235deab07c8c016e13f9af9f7c7b0ee564fedcc8f"},
    {file = "pyarrow-8.0.0-cp39-cp39-macosx_10_9_x86_64.whl", hash = "sha256:03a10daad957970e914920b793f6a49416699e791f4c827927fd4e4d892a5d16"},
    {file = "pyarrow-8.0.0-cp39-cp39-macosx_11_0_arm64.whl", hash = "sha256:65c7f4cc2be195e3db09296d31a654bb6d8786deebcab00f0e2455fd109d7456"},
    {file = "pyarrow-8.0.0-cp39-cp39-manylinux_2_12_x86_64.manylinux2010_x86_64.whl", hash = "sha256:3fee786259d986f8c046100ced54d63b0c8c9f7cdb7d1bbe07dc69e0f928141c"},
    {file = "pyarrow-8.0.0-cp39-cp39-manylinux_2_17_aarch64.manylinux2014_aarch64.whl", hash = "sha256:6ea2c54e6b5ecd64e8299d2abb40770fe83a718f5ddc3825ddd5cd28e352cce1"},
    {file = "pyarrow-8.0.0-cp39-cp39-manylinux_2_17_x86_64.manylinux2014_x86_64.whl", hash = "sha256:8392b9a1e837230090fe916415ed4c3433b2ddb1a798e3f6438303c70fbabcfc"},
    {file = "pyarrow-8.0.0-cp39-cp39-win_amd64.whl", hash = "sha256:cb06cacc19f3b426681f2f6803cc06ff481e7fe5b3a533b406bc5b2138843d4f"},
    {file = "pyarrow-8.0.0.tar.gz", hash = "sha256:4a18a211ed888f1ac0b0ebcb99e2d9a3e913a481120ee9b1fe33d3fedb945d4e"},
]
=======
lark-parser = []
mysql-connector-python = []
oscrypto = []
parameterized = []
preql = []
presto-python-client = []
prompt-toolkit = []
protobuf = []
psycopg2 = []
>>>>>>> 9207c5f (Add trino via Poetry)
pycparser = [
    {file = "pycparser-2.21-py2.py3-none-any.whl", hash = "sha256:8ee45429555515e1f6b185e78100aea234072576aa43ab53aefcae078162fca9"},
    {file = "pycparser-2.21.tar.gz", hash = "sha256:e644fdec12f7872f86c58ff790da456218b10f863970249516d60a5eaca77206"},
]
pycryptodomex = []
pygments = []
pyjwt = [
    {file = "PyJWT-2.4.0-py3-none-any.whl", hash = "sha256:72d1d253f32dbd4f5c88eaf1fdc62f3a19f676ccbadb9dbc5d07e951b2b26daf"},
    {file = "PyJWT-2.4.0.tar.gz", hash = "sha256:d42908208c699b3b973cbeb01a969ba6a96c821eefb1c5bfe4c390c01d67abba"},
]
pyopenssl = []
python-dateutil = [
    {file = "python-dateutil-2.8.2.tar.gz", hash = "sha256:0123cacc1627ae19ddf3c27a5de5bd67ee4586fbdd6440d9748f8abb483d3e86"},
    {file = "python_dateutil-2.8.2-py2.py3-none-any.whl", hash = "sha256:961d03dc3453ebbc59dbdea9e4e11c5651520a876d0f4db161e8674aae935da9"},
]
pytz = []
requests = [
    {file = "requests-2.28.1-py3-none-any.whl", hash = "sha256:8fefa2a1a1365bf5520aac41836fbee479da67864514bdb821f31ce07ce65349"},
    {file = "requests-2.28.1.tar.gz", hash = "sha256:7c5599b102feddaa661c826c56ab4fee28bfd17f5abca1ebbe3e7f19d7c97983"},
]
rich = [
    {file = "rich-10.16.2-py3-none-any.whl", hash = "sha256:c59d73bd804c90f747c8d7b1d023b88f2a9ac2454224a4aeaf959b21eeb42d03"},
    {file = "rich-10.16.2.tar.gz", hash = "sha256:720974689960e06c2efdb54327f8bf0cdbdf4eae4ad73b6c94213cad405c371b"},
]
runtype = [
    {file = "runtype-0.2.7-py3-none-any.whl", hash = "sha256:a2bdeb1a1dece5b753ac0cc602d373239166887fe652fd9fec41683dc38bff10"},
    {file = "runtype-0.2.7.tar.gz", hash = "sha256:5a9e1212846b3e54d4ba29fd7db602af5544a2a4253d1f8d829087214a8766ad"},
]
rich = []
runtype = []
six = [
    {file = "six-1.16.0-py2.py3-none-any.whl", hash = "sha256:8abb2f1d86890a2dfb989f9a77cfcfd3e47c2a354b01111771326f8aa26e0254"},
    {file = "six-1.16.0.tar.gz", hash = "sha256:1e61c37477a1626458e36f7b1d82aa5c9b094fa4802892072e49de9c60c4c926"},
]
snowflake-connector-python = [
    {file = "snowflake-connector-python-2.7.9.tar.gz", hash = "sha256:1d0fddee5baa746d41ae2b8ff105f3664e49670c0b247d4940837706d103a4ce"},
    {file = "snowflake_connector_python-2.7.9-cp310-cp310-macosx_10_14_universal2.whl", hash = "sha256:f74572c22af7d27593f31b92259ce99bcbc79c62935b3bafb497e00978751e37"},
    {file = "snowflake_connector_python-2.7.9-cp310-cp310-macosx_11_0_arm64.whl", hash = "sha256:e499ca45ffacb820c80a034c24aedee6af7f4b57194929bebb20f7be554c7657"},
    {file = "snowflake_connector_python-2.7.9-cp310-cp310-manylinux_2_12_x86_64.manylinux2010_x86_64.manylinux_2_17_x86_64.manylinux2014_x86_64.whl", hash = "sha256:80c0f2cabcde625a126daca4418098eb7c25a43b32314810f68cfda27f4dae2f"},
    {file = "snowflake_connector_python-2.7.9-cp310-cp310-win_amd64.whl", hash = "sha256:c6d39c73603f0f56e02c5dd3a964ae2c46373d23ff5a2c2f239af11a080e2d0d"},
    {file = "snowflake_connector_python-2.7.9-cp37-cp37m-macosx_10_14_x86_64.whl", hash = "sha256:52fc6ab1d98d73b251e3e07358ea8e62ef95bbf98f4e5693e14fdfbef36c2063"},
    {file = "snowflake_connector_python-2.7.9-cp37-cp37m-manylinux_2_12_x86_64.manylinux2010_x86_64.manylinux_2_17_x86_64.manylinux2014_x86_64.whl", hash = "sha256:38ab73842ababc1545fc367cfb0c2e96114a572d531793e9631c66a3030089dd"},
    {file = "snowflake_connector_python-2.7.9-cp37-cp37m-win_amd64.whl", hash = "sha256:c414a6a313866e628211d22e4ccc5faa22c0eba5ffe10ab14b62582005f569f8"},
    {file = "snowflake_connector_python-2.7.9-cp38-cp38-macosx_10_14_x86_64.whl", hash = "sha256:d09503a78843fbed286a03131aeceec68f7487148258f7116c4fe27bc3203a9c"},
    {file = "snowflake_connector_python-2.7.9-cp38-cp38-macosx_11_0_arm64.whl", hash = "sha256:b4be516b0bb4156a9226cafc9cfd2620e307f5e2bde097c889ef841391b211ad"},
    {file = "snowflake_connector_python-2.7.9-cp38-cp38-manylinux_2_12_x86_64.manylinux2010_x86_64.manylinux_2_17_x86_64.manylinux2014_x86_64.whl", hash = "sha256:e3d897f670fdf54bf5564d559fc78e7039fb1e55ffc9d1d518d35e651fd93476"},
    {file = "snowflake_connector_python-2.7.9-cp38-cp38-win_amd64.whl", hash = "sha256:44d1a54f998221bbc9f613cc708bd64548e3eda14eebd09f6bc2d23ba7a7b301"},
    {file = "snowflake_connector_python-2.7.9-cp39-cp39-macosx_10_14_universal2.whl", hash = "sha256:a76af86817110920384912a049aaf09fe53ad878dc5f8598c707b7b00b875c1d"},
    {file = "snowflake_connector_python-2.7.9-cp39-cp39-macosx_11_0_arm64.whl", hash = "sha256:6cd0078cf0014b82128729775c92b206734a88922223d86cfcee105bf1c46281"},
    {file = "snowflake_connector_python-2.7.9-cp39-cp39-manylinux_2_12_x86_64.manylinux2010_x86_64.manylinux_2_17_x86_64.manylinux2014_x86_64.whl", hash = "sha256:b42a2bc3b6055846e34177bdb43b8caea1b4da0bc60b2618aa08a43f3bd26c6d"},
    {file = "snowflake_connector_python-2.7.9-cp39-cp39-win_amd64.whl", hash = "sha256:2a0733a0fe98256e3087f7dc8fc73344fa3b0513542d65456a3014cb6059878e"},
]
thrift = [
    {file = "thrift-0.16.0.tar.gz", hash = "sha256:2b5b6488fcded21f9d312aa23c9ff6a0195d0f6ae26ddbd5ad9e3e25dfc14408"},
]
snowflake-connector-python = []
toml = [
    {file = "toml-0.10.2-py2.py3-none-any.whl", hash = "sha256:806143ae5bfb6a3c6e736a764057db0e6a0e05e338b5630894a5f779cabb4f9b"},
    {file = "toml-0.10.2.tar.gz", hash = "sha256:b3bda1d108d5dd99f4a20d24d9c348e91c4db7ab1b749200bded2f839ccbe68f"},
]
trino = []
typing-extensions = [
    {file = "typing_extensions-4.3.0-py3-none-any.whl", hash = "sha256:25642c956049920a5aa49edcdd6ab1e06d7e5d467fc00e0506c44ac86fbfca02"},
    {file = "typing_extensions-4.3.0.tar.gz", hash = "sha256:e6d2677a32f47fc7eb2795db1dd15c1f34eff616bcaf2cfb5e997f854fa1c4a6"},
]
unittest-parallel = []
urllib3 = [
    {file = "urllib3-1.26.9-py2.py3-none-any.whl", hash = "sha256:44ece4d53fb1706f667c9bd1c648f5469a2ec925fcf3a776667042d645472c14"},
    {file = "urllib3-1.26.9.tar.gz", hash = "sha256:aabaf16477806a5e1dd19aa41f8c2b7950dd3c746362d7e3223dbe6de6ac448e"},
]
wcwidth = []
zipp = [
    {file = "zipp-3.8.0-py3-none-any.whl", hash = "sha256:c4f6e5bbf48e74f7a38e7cc5b0480ff42b0ae5178957d564d18932525d5cf099"},
    {file = "zipp-3.8.0.tar.gz", hash = "sha256:56bf8aadb83c24db6c4b577e13de374ccfb67da2078beba1d037c17980bf43ad"},
]
