[[package]]
name = "arrow"
version = "1.2.2"
description = "Better dates & times for Python"
category = "main"
optional = false
python-versions = ">=3.6"

[package.dependencies]
python-dateutil = ">=2.7.0"
typing-extensions = {version = "*", markers = "python_version < \"3.8\""}

[[package]]
name = "click"
version = "8.1.3"
description = "Composable command line interface toolkit"
category = "main"
optional = false
python-versions = ">=3.7"

[package.dependencies]
colorama = {version = "*", markers = "platform_system == \"Windows\""}
importlib-metadata = {version = "*", markers = "python_version < \"3.8\""}

[[package]]
name = "colorama"
version = "0.4.4"
description = "Cross-platform colored terminal text."
category = "main"
optional = false
python-versions = ">=2.7, !=3.0.*, !=3.1.*, !=3.2.*, !=3.3.*, !=3.4.*"

[[package]]
name = "commonmark"
version = "0.9.1"
description = "Python parser for the CommonMark Markdown spec"
category = "main"
optional = false
python-versions = "*"

[package.extras]
test = ["flake8 (==3.7.8)", "hypothesis (==3.55.3)"]

[[package]]
name = "datafold-xdiff"
version = "0.0.2"
description = "A cross-database, efficient diff between mostly-similar database tables"
category = "main"
optional = false
python-versions = "^3.7"
develop = true

[package.dependencies]
click = "^8.1"
dsnparse = "*"
pyparsing = "ˆ3.0"
runtype = "^0.2.4"

[package.extras]
mysql = ["mysql-connector-python"]
pgsql = ["psycopg2"]
snowflake = ["snowflake-connector-python"]

[package.source]
type = "directory"
url = "../src"

[[package]]
name = "dsnparse"
version = "0.1.15"
description = "parse dsn urls"
category = "main"
optional = false
python-versions = "*"

[[package]]
name = "importlib-metadata"
version = "4.11.3"
description = "Read metadata from Python packages"
category = "main"
optional = false
python-versions = ">=3.7"

[package.dependencies]
typing-extensions = {version = ">=3.6.4", markers = "python_version < \"3.8\""}
zipp = ">=0.5"

[package.extras]
docs = ["sphinx", "jaraco.packaging (>=9)", "rst.linker (>=1.9)"]
perf = ["ipython"]
testing = ["pytest (>=6)", "pytest-checkdocs (>=2.4)", "pytest-flake8", "pytest-cov", "pytest-enabler (>=1.0.1)", "packaging", "pyfakefs", "flufl.flake8", "pytest-perf (>=0.9.2)", "pytest-black (>=0.3.7)", "pytest-mypy (>=0.9.1)", "importlib-resources (>=1.3)"]

[[package]]
name = "lark-parser"
version = "0.11.3"
description = "a modern parsing library"
category = "main"
optional = false
python-versions = "*"

[package.extras]
atomic_cache = ["atomicwrites"]
nearley = ["js2py"]
regex = ["regex"]

[[package]]
name = "mysql-connector-python"
version = "8.0.29"
description = "MySQL driver written in Python"
category = "main"
optional = false
python-versions = "*"

[package.dependencies]
protobuf = ">=3.0.0"

[package.extras]
compression = ["lz4 (>=2.1.6)", "zstandard (>=0.12.0)"]
dns-srv = ["dnspython (>=1.16.0)"]
gssapi = ["gssapi (>=1.6.9)"]

[[package]]
name = "preql"
version = "0.2.11"
description = "An interpreted relational query language that compiles to SQL"
category = "main"
optional = false
python-versions = ">=3.6,<4.0"

[package.dependencies]
arrow = "*"
dsnparse = "*"
lark-parser = ">=0.11.3,<0.12.0"
prompt-toolkit = "*"
pygments = "*"
rich = ">=10.7.0,<11.0.0"
runtype = ">=0.2.4,<0.3.0"

[package.extras]
pgsql = ["psycopg2"]
mysql = ["mysqlclient"]
server = ["starlette"]

[[package]]
name = "prompt-toolkit"
version = "3.0.29"
description = "Library for building powerful interactive command lines in Python"
category = "main"
optional = false
python-versions = ">=3.6.2"

[package.dependencies]
wcwidth = "*"

[[package]]
name = "protobuf"
version = "3.20.1"
description = "Protocol Buffers"
category = "main"
optional = false
python-versions = ">=3.7"

[[package]]
name = "psycopg2"
version = "2.9.3"
description = "psycopg2 - Python-PostgreSQL Database Adapter"
category = "main"
optional = false
python-versions = ">=3.6"

[[package]]
name = "pygments"
version = "2.12.0"
description = "Pygments is a syntax highlighting package written in Python."
category = "main"
optional = false
python-versions = ">=3.6"

[[package]]
name = "pyparsing"
version = "3.0.8"
description = "pyparsing module - Classes and methods to define and execute parsing grammars"
category = "main"
optional = false
python-versions = ">=3.6.8"

[package.extras]
diagrams = ["railroad-diagrams", "jinja2"]

[[package]]
name = "python-dateutil"
version = "2.8.2"
description = "Extensions to the standard Python datetime module"
category = "main"
optional = false
python-versions = "!=3.0.*,!=3.1.*,!=3.2.*,>=2.7"

[package.dependencies]
six = ">=1.5"

[[package]]
name = "rich"
version = "10.16.2"
description = "Render rich text, tables, progress bars, syntax highlighting, markdown and more to the terminal"
category = "main"
optional = false
python-versions = ">=3.6.2,<4.0.0"

[package.dependencies]
colorama = ">=0.4.0,<0.5.0"
commonmark = ">=0.9.0,<0.10.0"
pygments = ">=2.6.0,<3.0.0"
typing-extensions = {version = ">=3.7.4,<5.0", markers = "python_version < \"3.8\""}

[package.extras]
jupyter = ["ipywidgets (>=7.5.1,<8.0.0)"]

[[package]]
name = "runtype"
version = "0.2.4"
description = "Type dispatch and validation for run-time Python"
category = "main"
optional = false
python-versions = ">=3.6,<4.0"

[[package]]
name = "six"
version = "1.16.0"
description = "Python 2 and 3 compatibility utilities"
category = "main"
optional = false
python-versions = ">=2.7, !=3.0.*, !=3.1.*, !=3.2.*"

[[package]]
name = "typing-extensions"
version = "4.2.0"
description = "Backported and Experimental Type Hints for Python 3.7+"
category = "main"
optional = false
python-versions = ">=3.7"

[[package]]
name = "wcwidth"
version = "0.2.5"
description = "Measures the displayed width of unicode strings in a terminal"
category = "main"
optional = false
python-versions = "*"

[[package]]
name = "zipp"
version = "3.8.0"
description = "Backport of pathlib-compatible object wrapper for zip files"
category = "main"
optional = false
python-versions = ">=3.7"

[package.extras]
docs = ["sphinx", "jaraco.packaging (>=9)", "rst.linker (>=1.9)"]
testing = ["pytest (>=6)", "pytest-checkdocs (>=2.4)", "pytest-flake8", "pytest-cov", "pytest-enabler (>=1.0.1)", "jaraco.itertools", "func-timeout", "pytest-black (>=0.3.7)", "pytest-mypy (>=0.9.1)"]

[metadata]
lock-version = "1.1"
python-versions = "^3.7"
content-hash = "9c6a19b984beb6dcb628194b0963683fbf0baca42ec90888aaacf5465d5e3e3b"

[metadata.files]
arrow = [
    {file = "arrow-1.2.2-py3-none-any.whl", hash = "sha256:d622c46ca681b5b3e3574fcb60a04e5cc81b9625112d5fb2b44220c36c892177"},
    {file = "arrow-1.2.2.tar.gz", hash = "sha256:05caf1fd3d9a11a1135b2b6f09887421153b94558e5ef4d090b567b47173ac2b"},
]
click = [
    {file = "click-8.1.3-py3-none-any.whl", hash = "sha256:bb4d8133cb15a609f44e8213d9b391b0809795062913b383c62be0ee95b1db48"},
    {file = "click-8.1.3.tar.gz", hash = "sha256:7682dc8afb30297001674575ea00d1814d808d6a36af415a82bd481d37ba7b8e"},
]
colorama = [
    {file = "colorama-0.4.4-py2.py3-none-any.whl", hash = "sha256:9f47eda37229f68eee03b24b9748937c7dc3868f906e8ba69fbcbdd3bc5dc3e2"},
    {file = "colorama-0.4.4.tar.gz", hash = "sha256:5941b2b48a20143d2267e95b1c2a7603ce057ee39fd88e7329b0c292aa16869b"},
]
commonmark = [
    {file = "commonmark-0.9.1-py2.py3-none-any.whl", hash = "sha256:da2f38c92590f83de410ba1a3cbceafbc74fee9def35f9251ba9a971d6d66fd9"},
    {file = "commonmark-0.9.1.tar.gz", hash = "sha256:452f9dc859be7f06631ddcb328b6919c67984aca654e5fefb3914d54691aed60"},
]
datafold-xdiff = []
dsnparse = [
    {file = "dsnparse-0.1.15.tar.gz", hash = "sha256:2ac5705b17cb28e8b115053c2d51cf3321dc2041b1d75e2db6157e05146d0fba"},
]
importlib-metadata = [
    {file = "importlib_metadata-4.11.3-py3-none-any.whl", hash = "sha256:1208431ca90a8cca1a6b8af391bb53c1a2db74e5d1cef6ddced95d4b2062edc6"},
    {file = "importlib_metadata-4.11.3.tar.gz", hash = "sha256:ea4c597ebf37142f827b8f39299579e31685c31d3a438b59f469406afd0f2539"},
]
lark-parser = [
    {file = "lark-parser-0.11.3.tar.gz", hash = "sha256:e29ca814a98bb0f81674617d878e5f611cb993c19ea47f22c80da3569425f9bd"},
]
mysql-connector-python = [
    {file = "mysql-connector-python-8.0.29.tar.gz", hash = "sha256:29ec05ded856b4da4e47239f38489c03b31673ae0f46a090d0e4e29c670e6181"},
    {file = "mysql_connector_python-8.0.29-cp310-cp310-macosx_11_0_x86_64.whl", hash = "sha256:bed43ea3a11f8d4e7c2e3f20c891214e68b45451314f91fddf9ca701de7a53ac"},
    {file = "mysql_connector_python-8.0.29-cp310-cp310-manylinux1_i686.whl", hash = "sha256:6e2267ad75b37b5e1c480cde77cdc4f795427a54266ead30aabcdbf75ac70064"},
    {file = "mysql_connector_python-8.0.29-cp310-cp310-manylinux1_x86_64.whl", hash = "sha256:d5afb766b379111942d4260f29499f93355823c7241926471d843c9281fe477c"},
    {file = "mysql_connector_python-8.0.29-cp310-cp310-win_amd64.whl", hash = "sha256:4de5959e27038cbd11dfccb1afaa2fd258c013e59d3e15709dd1992086103050"},
    {file = "mysql_connector_python-8.0.29-cp37-cp37m-macosx_11_0_x86_64.whl", hash = "sha256:895135cde57622edf48e1fce3beb4ed85f18332430d48f5c1d9630d49f7712b0"},
    {file = "mysql_connector_python-8.0.29-cp37-cp37m-manylinux1_i686.whl", hash = "sha256:fdd262d8538aa504475f8860cfda939a297d3b213c8d15f7ceed52508aeb2aa3"},
    {file = "mysql_connector_python-8.0.29-cp37-cp37m-manylinux1_x86_64.whl", hash = "sha256:89597c091c4f25b6e023cbbcd32be73affbb0b44256761fe3b8e1d4b14d14d02"},
    {file = "mysql_connector_python-8.0.29-cp37-cp37m-win_amd64.whl", hash = "sha256:ab0e9d9b5fc114b78dfa9c74e8bfa30b48fcfa17dbb9241ad6faada08a589900"},
    {file = "mysql_connector_python-8.0.29-cp38-cp38-macosx_11_0_x86_64.whl", hash = "sha256:245087999f081b389d66621f2abfe2463e3927f63c7c4c0f70ce0f82786ccb93"},
    {file = "mysql_connector_python-8.0.29-cp38-cp38-manylinux1_i686.whl", hash = "sha256:5eef51e48b22aadd633563bbdaf02112d98d954a4ead53f72fde283ea3f88152"},
    {file = "mysql_connector_python-8.0.29-cp38-cp38-manylinux1_x86_64.whl", hash = "sha256:b7dccd7f72f19c97b58428ebf8e709e24eb7e9b67a408af7e77b60efde44bea4"},
    {file = "mysql_connector_python-8.0.29-cp38-cp38-win_amd64.whl", hash = "sha256:7be3aeff73b85eab3af2a1e80c053a98cbcb99e142192e551ebd4c1e41ce2596"},
    {file = "mysql_connector_python-8.0.29-cp39-cp39-macosx_11_0_x86_64.whl", hash = "sha256:a7fd6a71df824f5a7d9a94060598d67b3a32eeccdc9837ee2cd98a44e2536cae"},
    {file = "mysql_connector_python-8.0.29-cp39-cp39-manylinux1_i686.whl", hash = "sha256:fd608c288f596c4c8767d9a8e90f129385bd19ee6e3adaf6974ad8012c6138b8"},
    {file = "mysql_connector_python-8.0.29-cp39-cp39-manylinux1_x86_64.whl", hash = "sha256:f353893481476a537cca7afd4e81e0ed84dd2173932b7f1721ab3e3351cbf324"},
    {file = "mysql_connector_python-8.0.29-cp39-cp39-win_amd64.whl", hash = "sha256:1bef2a4a2b529c6e9c46414100ab7032c252244e8a9e017d2b6a41bb9cea9312"},
    {file = "mysql_connector_python-8.0.29-py2.py3-none-any.whl", hash = "sha256:047420715bbb51d3cba78de446c8a6db4666459cd23e168568009c620a3f5b90"},
]
preql = [
    {file = "preql-0.2.11-py3-none-any.whl", hash = "sha256:6b2be47d9b8ab51a83997588a7c7852d4baaa5db256e3dca49a65778f12282ba"},
    {file = "preql-0.2.11.tar.gz", hash = "sha256:0b2522992d78be165750a340eb9dbb9af9bcfc1a51a8a549f72d2cade1a5a27a"},
]
prompt-toolkit = [
    {file = "prompt_toolkit-3.0.29-py3-none-any.whl", hash = "sha256:62291dad495e665fca0bda814e342c69952086afb0f4094d0893d357e5c78752"},
    {file = "prompt_toolkit-3.0.29.tar.gz", hash = "sha256:bd640f60e8cecd74f0dc249713d433ace2ddc62b65ee07f96d358e0b152b6ea7"},
]
protobuf = [
    {file = "protobuf-3.20.1-cp310-cp310-macosx_10_9_universal2.whl", hash = "sha256:3cc797c9d15d7689ed507b165cd05913acb992d78b379f6014e013f9ecb20996"},
    {file = "protobuf-3.20.1-cp310-cp310-manylinux2014_aarch64.whl", hash = "sha256:ff8d8fa42675249bb456f5db06c00de6c2f4c27a065955917b28c4f15978b9c3"},
    {file = "protobuf-3.20.1-cp310-cp310-manylinux_2_12_x86_64.manylinux2010_x86_64.whl", hash = "sha256:cd68be2559e2a3b84f517fb029ee611546f7812b1fdd0aa2ecc9bc6ec0e4fdde"},
    {file = "protobuf-3.20.1-cp310-cp310-win32.whl", hash = "sha256:9016d01c91e8e625141d24ec1b20fed584703e527d28512aa8c8707f105a683c"},
    {file = "protobuf-3.20.1-cp310-cp310-win_amd64.whl", hash = "sha256:32ca378605b41fd180dfe4e14d3226386d8d1b002ab31c969c366549e66a2bb7"},
    {file = "protobuf-3.20.1-cp36-cp36m-macosx_10_9_x86_64.whl", hash = "sha256:9be73ad47579abc26c12024239d3540e6b765182a91dbc88e23658ab71767153"},
    {file = "protobuf-3.20.1-cp36-cp36m-manylinux_2_5_x86_64.manylinux1_x86_64.whl", hash = "sha256:097c5d8a9808302fb0da7e20edf0b8d4703274d140fd25c5edabddcde43e081f"},
    {file = "protobuf-3.20.1-cp37-cp37m-macosx_10_9_x86_64.whl", hash = "sha256:e250a42f15bf9d5b09fe1b293bdba2801cd520a9f5ea2d7fb7536d4441811d20"},
    {file = "protobuf-3.20.1-cp37-cp37m-manylinux2014_aarch64.whl", hash = "sha256:cdee09140e1cd184ba9324ec1df410e7147242b94b5f8b0c64fc89e38a8ba531"},
    {file = "protobuf-3.20.1-cp37-cp37m-manylinux_2_5_x86_64.manylinux1_x86_64.whl", hash = "sha256:af0ebadc74e281a517141daad9d0f2c5d93ab78e9d455113719a45a49da9db4e"},
    {file = "protobuf-3.20.1-cp37-cp37m-win32.whl", hash = "sha256:755f3aee41354ae395e104d62119cb223339a8f3276a0cd009ffabfcdd46bb0c"},
    {file = "protobuf-3.20.1-cp37-cp37m-win_amd64.whl", hash = "sha256:62f1b5c4cd6c5402b4e2d63804ba49a327e0c386c99b1675c8a0fefda23b2067"},
    {file = "protobuf-3.20.1-cp38-cp38-macosx_10_9_x86_64.whl", hash = "sha256:06059eb6953ff01e56a25cd02cca1a9649a75a7e65397b5b9b4e929ed71d10cf"},
    {file = "protobuf-3.20.1-cp38-cp38-manylinux2014_aarch64.whl", hash = "sha256:cb29edb9eab15742d791e1025dd7b6a8f6fcb53802ad2f6e3adcb102051063ab"},
    {file = "protobuf-3.20.1-cp38-cp38-manylinux_2_5_x86_64.manylinux1_x86_64.whl", hash = "sha256:69ccfdf3657ba59569c64295b7d51325f91af586f8d5793b734260dfe2e94e2c"},
    {file = "protobuf-3.20.1-cp38-cp38-win32.whl", hash = "sha256:dd5789b2948ca702c17027c84c2accb552fc30f4622a98ab5c51fcfe8c50d3e7"},
    {file = "protobuf-3.20.1-cp38-cp38-win_amd64.whl", hash = "sha256:77053d28427a29987ca9caf7b72ccafee011257561259faba8dd308fda9a8739"},
    {file = "protobuf-3.20.1-cp39-cp39-macosx_10_9_x86_64.whl", hash = "sha256:6f50601512a3d23625d8a85b1638d914a0970f17920ff39cec63aaef80a93fb7"},
    {file = "protobuf-3.20.1-cp39-cp39-manylinux2014_aarch64.whl", hash = "sha256:284f86a6207c897542d7e956eb243a36bb8f9564c1742b253462386e96c6b78f"},
    {file = "protobuf-3.20.1-cp39-cp39-manylinux_2_5_x86_64.manylinux1_x86_64.whl", hash = "sha256:7403941f6d0992d40161aa8bb23e12575637008a5a02283a930addc0508982f9"},
    {file = "protobuf-3.20.1-cp39-cp39-win32.whl", hash = "sha256:db977c4ca738dd9ce508557d4fce0f5aebd105e158c725beec86feb1f6bc20d8"},
    {file = "protobuf-3.20.1-cp39-cp39-win_amd64.whl", hash = "sha256:7e371f10abe57cee5021797126c93479f59fccc9693dafd6bd5633ab67808a91"},
]
psycopg2 = [
    {file = "psycopg2-2.9.3-cp310-cp310-win32.whl", hash = "sha256:083707a696e5e1c330af2508d8fab36f9700b26621ccbcb538abe22e15485362"},
    {file = "psycopg2-2.9.3-cp310-cp310-win_amd64.whl", hash = "sha256:d3ca6421b942f60c008f81a3541e8faf6865a28d5a9b48544b0ee4f40cac7fca"},
    {file = "psycopg2-2.9.3-cp36-cp36m-win32.whl", hash = "sha256:9572e08b50aed176ef6d66f15a21d823bb6f6d23152d35e8451d7d2d18fdac56"},
    {file = "psycopg2-2.9.3-cp36-cp36m-win_amd64.whl", hash = "sha256:a81e3866f99382dfe8c15a151f1ca5fde5815fde879348fe5a9884a7c092a305"},
    {file = "psycopg2-2.9.3-cp37-cp37m-win32.whl", hash = "sha256:cb10d44e6694d763fa1078a26f7f6137d69f555a78ec85dc2ef716c37447e4b2"},
    {file = "psycopg2-2.9.3-cp37-cp37m-win_amd64.whl", hash = "sha256:4295093a6ae3434d33ec6baab4ca5512a5082cc43c0505293087b8a46d108461"},
    {file = "psycopg2-2.9.3-cp38-cp38-win32.whl", hash = "sha256:34b33e0162cfcaad151f249c2649fd1030010c16f4bbc40a604c1cb77173dcf7"},
    {file = "psycopg2-2.9.3-cp38-cp38-win_amd64.whl", hash = "sha256:0762c27d018edbcb2d34d51596e4346c983bd27c330218c56c4dc25ef7e819bf"},
    {file = "psycopg2-2.9.3-cp39-cp39-win32.whl", hash = "sha256:8cf3878353cc04b053822896bc4922b194792df9df2f1ad8da01fb3043602126"},
    {file = "psycopg2-2.9.3-cp39-cp39-win_amd64.whl", hash = "sha256:06f32425949bd5fe8f625c49f17ebb9784e1e4fe928b7cce72edc36fb68e4c0c"},
    {file = "psycopg2-2.9.3.tar.gz", hash = "sha256:8e841d1bf3434da985cc5ef13e6f75c8981ced601fd70cc6bf33351b91562981"},
]
pygments = [
    {file = "Pygments-2.12.0-py3-none-any.whl", hash = "sha256:dc9c10fb40944260f6ed4c688ece0cd2048414940f1cea51b8b226318411c519"},
    {file = "Pygments-2.12.0.tar.gz", hash = "sha256:5eb116118f9612ff1ee89ac96437bb6b49e8f04d8a13b514ba26f620208e26eb"},
]
pyparsing = [
    {file = "pyparsing-3.0.8-py3-none-any.whl", hash = "sha256:ef7b523f6356f763771559412c0d7134753f037822dad1b16945b7b846f7ad06"},
    {file = "pyparsing-3.0.8.tar.gz", hash = "sha256:7bf433498c016c4314268d95df76c81b842a4cb2b276fa3312cfb1e1d85f6954"},
]
python-dateutil = [
    {file = "python-dateutil-2.8.2.tar.gz", hash = "sha256:0123cacc1627ae19ddf3c27a5de5bd67ee4586fbdd6440d9748f8abb483d3e86"},
    {file = "python_dateutil-2.8.2-py2.py3-none-any.whl", hash = "sha256:961d03dc3453ebbc59dbdea9e4e11c5651520a876d0f4db161e8674aae935da9"},
]
rich = [
    {file = "rich-10.16.2-py3-none-any.whl", hash = "sha256:c59d73bd804c90f747c8d7b1d023b88f2a9ac2454224a4aeaf959b21eeb42d03"},
    {file = "rich-10.16.2.tar.gz", hash = "sha256:720974689960e06c2efdb54327f8bf0cdbdf4eae4ad73b6c94213cad405c371b"},
]
runtype = [
    {file = "runtype-0.2.4-py3-none-any.whl", hash = "sha256:1adab62f867199536820898ce04df22586ba2a52084448385004faa532b19e97"},
    {file = "runtype-0.2.4.tar.gz", hash = "sha256:642f747b199fd872deb79d361d47ea83a1a0db49986fbeaa0c375d2bd9805e00"},
]
six = [
    {file = "six-1.16.0-py2.py3-none-any.whl", hash = "sha256:8abb2f1d86890a2dfb989f9a77cfcfd3e47c2a354b01111771326f8aa26e0254"},
    {file = "six-1.16.0.tar.gz", hash = "sha256:1e61c37477a1626458e36f7b1d82aa5c9b094fa4802892072e49de9c60c4c926"},
]
typing-extensions = [
    {file = "typing_extensions-4.2.0-py3-none-any.whl", hash = "sha256:6657594ee297170d19f67d55c05852a874e7eb634f4f753dbd667855e07c1708"},
    {file = "typing_extensions-4.2.0.tar.gz", hash = "sha256:f1c24655a0da0d1b67f07e17a5e6b2a105894e6824b92096378bb3668ef02376"},
]
wcwidth = [
    {file = "wcwidth-0.2.5-py2.py3-none-any.whl", hash = "sha256:beb4802a9cebb9144e99086eff703a642a13d6a0052920003a230f3294bbe784"},
    {file = "wcwidth-0.2.5.tar.gz", hash = "sha256:c4d647b99872929fdb7bdcaa4fbe7f01413ed3d98077df798530e5b04f116c83"},
]
zipp = [
    {file = "zipp-3.8.0-py3-none-any.whl", hash = "sha256:c4f6e5bbf48e74f7a38e7cc5b0480ff42b0ae5178957d564d18932525d5cf099"},
    {file = "zipp-3.8.0.tar.gz", hash = "sha256:56bf8aadb83c24db6c4b577e13de374ccfb67da2078beba1d037c17980bf43ad"},
]
